// !$*UTF8*$!
{
	archiveVersion = 1;
	classes = {
	};
	objectVersion = 52;
	objects = {

/* Begin PBXBuildFile section */
		F7070F012126AC9000A1E643 /* AppDelegate.m in Sources */ = {isa = PBXBuildFile; fileRef = F7070F002126AC9000A1E643 /* AppDelegate.m */; };
		F7070F032126AC9100A1E643 /* Assets.xcassets in Resources */ = {isa = PBXBuildFile; fileRef = F7070F022126AC9100A1E643 /* Assets.xcassets */; };
		F7070F062126AC9100A1E643 /* MainMenu.xib in Resources */ = {isa = PBXBuildFile; fileRef = F7070F042126AC9100A1E643 /* MainMenu.xib */; };
		F7070F092126AC9100A1E643 /* main.m in Sources */ = {isa = PBXBuildFile; fileRef = F7070F082126AC9100A1E643 /* main.m */; };
		F7070F0F2126ADE100A1E643 /* SleepWithMeHelper.app in CopyFiles */ = {isa = PBXBuildFile; fileRef = F7070EFD2126AC9000A1E643 /* SleepWithMeHelper.app */; settings = {ATTRIBUTES = (RemoveHeadersOnCopy, ); }; };
		F74F10DD20C81BB5000AB074 /* NSTimerButton.swift in Sources */ = {isa = PBXBuildFile; fileRef = F74F10DC20C81BB5000AB074 /* NSTimerButton.swift */; };
		F74F10E120C82407000AB074 /* EventMonitor.swift in Sources */ = {isa = PBXBuildFile; fileRef = F74F10E020C82407000AB074 /* EventMonitor.swift */; };
		F76DB24E20FFCC740097172D /* SleepTimer.swift in Sources */ = {isa = PBXBuildFile; fileRef = F76DB24D20FFCC740097172D /* SleepTimer.swift */; };
		F76DB252210001DA0097172D /* PreferencesViewController.swift in Sources */ = {isa = PBXBuildFile; fileRef = F76DB251210001DA0097172D /* PreferencesViewController.swift */; };
		F76DB256210003D40097172D /* Constants.swift in Sources */ = {isa = PBXBuildFile; fileRef = F76DB255210003D40097172D /* Constants.swift */; };
		F77593D823368B8800F797ED /* (null) in Embed Frameworks */ = {isa = PBXBuildFile; settings = {ATTRIBUTES = (CodeSignOnCopy, RemoveHeadersOnCopy, ); }; };
		F77593DA23368B8A00F797ED /* AppleScriptObjC.framework in Frameworks */ = {isa = PBXBuildFile; fileRef = F728FD3F20C69CE60008AC5A /* AppleScriptObjC.framework */; };
		F77D1B5C244C67340042C076 /* MenuBarView.swift in Sources */ = {isa = PBXBuildFile; fileRef = F77D1B5B244C67340042C076 /* MenuBarView.swift */; };
		F783D796244C934D00ADCCDE /* InterfaceStyle.swift in Sources */ = {isa = PBXBuildFile; fileRef = F783D795244C934D00ADCCDE /* InterfaceStyle.swift */; };
		F7BB7DE120C5CE1D00824919 /* AppDelegate.swift in Sources */ = {isa = PBXBuildFile; fileRef = F7BB7DE020C5CE1D00824919 /* AppDelegate.swift */; };
		F7BB7DE320C5CE1D00824919 /* ViewController.swift in Sources */ = {isa = PBXBuildFile; fileRef = F7BB7DE220C5CE1D00824919 /* ViewController.swift */; };
		F7BB7DE520C5CE1F00824919 /* Assets.xcassets in Resources */ = {isa = PBXBuildFile; fileRef = F7BB7DE420C5CE1F00824919 /* Assets.xcassets */; };
		F7BB7DE820C5CE1F00824919 /* Main.storyboard in Resources */ = {isa = PBXBuildFile; fileRef = F7BB7DE620C5CE1F00824919 /* Main.storyboard */; };
		F7BB7E0D20C5DA4F00824919 /* NSTimerView.swift in Sources */ = {isa = PBXBuildFile; fileRef = F7BB7E0C20C5DA4F00824919 /* NSTimerView.swift */; };
		F7E03BEA24765CA200C5794C /* HotKey in Frameworks */ = {isa = PBXBuildFile; productRef = F7E03BE924765CA200C5794C /* HotKey */; };
		F7E03BEC24765F9B00C5794C /* GlobalKeybindPreferences.swift in Sources */ = {isa = PBXBuildFile; fileRef = F7E03BEB24765F9B00C5794C /* GlobalKeybindPreferences.swift */; };
/* End PBXBuildFile section */

/* Begin PBXCopyFilesBuildPhase section */
		F7070F0E2126AD8900A1E643 /* CopyFiles */ = {
			isa = PBXCopyFilesBuildPhase;
			buildActionMask = 2147483647;
			dstPath = Contents/Library/LoginItems;
			dstSubfolderSpec = 1;
			files = (
				F7070F0F2126ADE100A1E643 /* SleepWithMeHelper.app in CopyFiles */,
			);
			runOnlyForDeploymentPostprocessing = 0;
		};
		F77593D923368B8800F797ED /* Embed Frameworks */ = {
			isa = PBXCopyFilesBuildPhase;
			buildActionMask = 2147483647;
			dstPath = "";
			dstSubfolderSpec = 10;
			files = (
				F77593D823368B8800F797ED /* (null) in Embed Frameworks */,
			);
			name = "Embed Frameworks";
			runOnlyForDeploymentPostprocessing = 0;
		};
/* End PBXCopyFilesBuildPhase section */

/* Begin PBXFileReference section */
		F7070EFD2126AC9000A1E643 /* SleepWithMeHelper.app */ = {isa = PBXFileReference; explicitFileType = wrapper.application; includeInIndex = 0; path = SleepWithMeHelper.app; sourceTree = BUILT_PRODUCTS_DIR; };
		F7070EFF2126AC9000A1E643 /* AppDelegate.h */ = {isa = PBXFileReference; lastKnownFileType = sourcecode.c.h; path = AppDelegate.h; sourceTree = "<group>"; };
		F7070F002126AC9000A1E643 /* AppDelegate.m */ = {isa = PBXFileReference; lastKnownFileType = sourcecode.c.objc; path = AppDelegate.m; sourceTree = "<group>"; };
		F7070F022126AC9100A1E643 /* Assets.xcassets */ = {isa = PBXFileReference; lastKnownFileType = folder.assetcatalog; path = Assets.xcassets; sourceTree = "<group>"; };
		F7070F052126AC9100A1E643 /* Base */ = {isa = PBXFileReference; lastKnownFileType = file.xib; name = Base; path = Base.lproj/MainMenu.xib; sourceTree = "<group>"; };
		F7070F072126AC9100A1E643 /* Info.plist */ = {isa = PBXFileReference; lastKnownFileType = text.plist.xml; path = Info.plist; sourceTree = "<group>"; };
		F7070F082126AC9100A1E643 /* main.m */ = {isa = PBXFileReference; lastKnownFileType = sourcecode.c.objc; path = main.m; sourceTree = "<group>"; };
		F7070F0A2126AC9100A1E643 /* SleepWithMeHelper.entitlements */ = {isa = PBXFileReference; lastKnownFileType = text.plist.entitlements; path = SleepWithMeHelper.entitlements; sourceTree = "<group>"; };
		F728FD3F20C69CE60008AC5A /* AppleScriptObjC.framework */ = {isa = PBXFileReference; lastKnownFileType = wrapper.framework; name = AppleScriptObjC.framework; path = System/Library/Frameworks/AppleScriptObjC.framework; sourceTree = SDKROOT; };
		F74F10DC20C81BB5000AB074 /* NSTimerButton.swift */ = {isa = PBXFileReference; lastKnownFileType = sourcecode.swift; path = NSTimerButton.swift; sourceTree = "<group>"; };
		F74F10E020C82407000AB074 /* EventMonitor.swift */ = {isa = PBXFileReference; lastKnownFileType = sourcecode.swift; path = EventMonitor.swift; sourceTree = "<group>"; };
		F76DB24D20FFCC740097172D /* SleepTimer.swift */ = {isa = PBXFileReference; lastKnownFileType = sourcecode.swift; path = SleepTimer.swift; sourceTree = "<group>"; };
		F76DB251210001DA0097172D /* PreferencesViewController.swift */ = {isa = PBXFileReference; lastKnownFileType = sourcecode.swift; path = PreferencesViewController.swift; sourceTree = "<group>"; };
		F76DB255210003D40097172D /* Constants.swift */ = {isa = PBXFileReference; lastKnownFileType = sourcecode.swift; path = Constants.swift; sourceTree = "<group>"; };
		F77D1B5B244C67340042C076 /* MenuBarView.swift */ = {isa = PBXFileReference; lastKnownFileType = sourcecode.swift; path = MenuBarView.swift; sourceTree = "<group>"; };
		F783D795244C934D00ADCCDE /* InterfaceStyle.swift */ = {isa = PBXFileReference; lastKnownFileType = sourcecode.swift; path = InterfaceStyle.swift; sourceTree = "<group>"; };
		F7BB7DDD20C5CE1D00824919 /* SleepWithMe.app */ = {isa = PBXFileReference; explicitFileType = wrapper.application; includeInIndex = 0; path = SleepWithMe.app; sourceTree = BUILT_PRODUCTS_DIR; };
		F7BB7DE020C5CE1D00824919 /* AppDelegate.swift */ = {isa = PBXFileReference; lastKnownFileType = sourcecode.swift; path = AppDelegate.swift; sourceTree = "<group>"; };
		F7BB7DE220C5CE1D00824919 /* ViewController.swift */ = {isa = PBXFileReference; lastKnownFileType = sourcecode.swift; path = ViewController.swift; sourceTree = "<group>"; };
		F7BB7DE420C5CE1F00824919 /* Assets.xcassets */ = {isa = PBXFileReference; lastKnownFileType = folder.assetcatalog; path = Assets.xcassets; sourceTree = "<group>"; };
		F7BB7DE720C5CE1F00824919 /* Base */ = {isa = PBXFileReference; lastKnownFileType = file.storyboard; name = Base; path = Base.lproj/Main.storyboard; sourceTree = "<group>"; };
		F7BB7DE920C5CE1F00824919 /* Info.plist */ = {isa = PBXFileReference; lastKnownFileType = text.plist.xml; path = Info.plist; sourceTree = "<group>"; };
		F7BB7DEA20C5CE1F00824919 /* SleepWithMe.entitlements */ = {isa = PBXFileReference; lastKnownFileType = text.plist.entitlements; path = SleepWithMe.entitlements; sourceTree = "<group>"; };
		F7BB7E0C20C5DA4F00824919 /* NSTimerView.swift */ = {isa = PBXFileReference; lastKnownFileType = sourcecode.swift; path = NSTimerView.swift; sourceTree = "<group>"; };
		F7E03BEB24765F9B00C5794C /* GlobalKeybindPreferences.swift */ = {isa = PBXFileReference; lastKnownFileType = sourcecode.swift; path = GlobalKeybindPreferences.swift; sourceTree = "<group>"; };
/* End PBXFileReference section */

/* Begin PBXFrameworksBuildPhase section */
		F7070EFA2126AC9000A1E643 /* Frameworks */ = {
			isa = PBXFrameworksBuildPhase;
			buildActionMask = 2147483647;
			files = (
			);
			runOnlyForDeploymentPostprocessing = 0;
		};
		F7BB7DDA20C5CE1D00824919 /* Frameworks */ = {
			isa = PBXFrameworksBuildPhase;
			buildActionMask = 2147483647;
			files = (
				F7E03BEA24765CA200C5794C /* HotKey in Frameworks */,
				F77593DA23368B8A00F797ED /* AppleScriptObjC.framework in Frameworks */,
			);
			runOnlyForDeploymentPostprocessing = 0;
		};
/* End PBXFrameworksBuildPhase section */

/* Begin PBXGroup section */
		F7070EFE2126AC9000A1E643 /* SleepWithMeHelper */ = {
			isa = PBXGroup;
			children = (
				F7070EFF2126AC9000A1E643 /* AppDelegate.h */,
				F7070F002126AC9000A1E643 /* AppDelegate.m */,
				F7070F022126AC9100A1E643 /* Assets.xcassets */,
				F7070F042126AC9100A1E643 /* MainMenu.xib */,
				F7070F072126AC9100A1E643 /* Info.plist */,
				F7070F082126AC9100A1E643 /* main.m */,
				F7070F0A2126AC9100A1E643 /* SleepWithMeHelper.entitlements */,
			);
			path = SleepWithMeHelper;
			sourceTree = "<group>";
		};
		F728FD3E20C69CE60008AC5A /* Frameworks */ = {
			isa = PBXGroup;
			children = (
				F728FD3F20C69CE60008AC5A /* AppleScriptObjC.framework */,
			);
			name = Frameworks;
			sourceTree = "<group>";
		};
		F764D4A3233692B8006ED9AC /* View Controller */ = {
			isa = PBXGroup;
			children = (
				F7BB7DE220C5CE1D00824919 /* ViewController.swift */,
				F76DB251210001DA0097172D /* PreferencesViewController.swift */,
			);
			path = "View Controller";
			sourceTree = "<group>";
		};
		F764D4A4233692DF006ED9AC /* View */ = {
			isa = PBXGroup;
			children = (
				F77D1B5B244C67340042C076 /* MenuBarView.swift */,
				F74F10DC20C81BB5000AB074 /* NSTimerButton.swift */,
				F7BB7E0C20C5DA4F00824919 /* NSTimerView.swift */,
			);
			path = View;
			sourceTree = "<group>";
		};
		F77D1B5D244C68990042C076 /* Model */ = {
			isa = PBXGroup;
			children = (
				F76DB24D20FFCC740097172D /* SleepTimer.swift */,
				F76DB255210003D40097172D /* Constants.swift */,
				F7E03BEB24765F9B00C5794C /* GlobalKeybindPreferences.swift */,
			);
			path = Model;
			sourceTree = "<group>";
		};
		F77D1B5E244C68A90042C076 /* Helper */ = {
			isa = PBXGroup;
			children = (
				F74F10E020C82407000AB074 /* EventMonitor.swift */,
				F783D795244C934D00ADCCDE /* InterfaceStyle.swift */,
			);
			path = Helper;
			sourceTree = "<group>";
		};
		F7BB7DD420C5CE1D00824919 = {
			isa = PBXGroup;
			children = (
				F7BB7DDF20C5CE1D00824919 /* SleepWithMe */,
				F7070EFE2126AC9000A1E643 /* SleepWithMeHelper */,
				F7BB7DDE20C5CE1D00824919 /* Products */,
				F728FD3E20C69CE60008AC5A /* Frameworks */,
			);
			sourceTree = "<group>";
		};
		F7BB7DDE20C5CE1D00824919 /* Products */ = {
			isa = PBXGroup;
			children = (
				F7BB7DDD20C5CE1D00824919 /* SleepWithMe.app */,
				F7070EFD2126AC9000A1E643 /* SleepWithMeHelper.app */,
			);
			name = Products;
			sourceTree = "<group>";
		};
		F7BB7DDF20C5CE1D00824919 /* SleepWithMe */ = {
			isa = PBXGroup;
			children = (
				F7BB7DE020C5CE1D00824919 /* AppDelegate.swift */,
				F764D4A3233692B8006ED9AC /* View Controller */,
				F764D4A4233692DF006ED9AC /* View */,
				F77D1B5D244C68990042C076 /* Model */,
				F77D1B5E244C68A90042C076 /* Helper */,
				F7BB7DE420C5CE1F00824919 /* Assets.xcassets */,
				F7BB7DE620C5CE1F00824919 /* Main.storyboard */,
				F7BB7DE920C5CE1F00824919 /* Info.plist */,
				F7BB7DEA20C5CE1F00824919 /* SleepWithMe.entitlements */,
			);
			path = SleepWithMe;
			sourceTree = "<group>";
		};
/* End PBXGroup section */

/* Begin PBXNativeTarget section */
		F7070EFC2126AC9000A1E643 /* SleepWithMeHelper */ = {
			isa = PBXNativeTarget;
			buildConfigurationList = F7070F0D2126AC9100A1E643 /* Build configuration list for PBXNativeTarget "SleepWithMeHelper" */;
			buildPhases = (
				F7070EF92126AC9000A1E643 /* Sources */,
				F7070EFA2126AC9000A1E643 /* Frameworks */,
				F7070EFB2126AC9000A1E643 /* Resources */,
			);
			buildRules = (
			);
			dependencies = (
			);
			name = SleepWithMeHelper;
			productName = SleepWithMeHelper;
			productReference = F7070EFD2126AC9000A1E643 /* SleepWithMeHelper.app */;
			productType = "com.apple.product-type.application";
		};
		F7BB7DDC20C5CE1D00824919 /* SleepWithMe */ = {
			isa = PBXNativeTarget;
			buildConfigurationList = F7BB7E0320C5CE1F00824919 /* Build configuration list for PBXNativeTarget "SleepWithMe" */;
			buildPhases = (
				F7BB7DD920C5CE1D00824919 /* Sources */,
				F7BB7DDA20C5CE1D00824919 /* Frameworks */,
				F7BB7DDB20C5CE1D00824919 /* Resources */,
				F7070F0E2126AD8900A1E643 /* CopyFiles */,
				F77593D923368B8800F797ED /* Embed Frameworks */,
			);
			buildRules = (
			);
			dependencies = (
			);
			name = SleepWithMe;
			packageProductDependencies = (
				F7E03BE924765CA200C5794C /* HotKey */,
			);
			productName = SleepWithMe;
			productReference = F7BB7DDD20C5CE1D00824919 /* SleepWithMe.app */;
			productType = "com.apple.product-type.application";
		};
/* End PBXNativeTarget section */

/* Begin PBXProject section */
		F7BB7DD520C5CE1D00824919 /* Project object */ = {
			isa = PBXProject;
			attributes = {
				LastSwiftUpdateCheck = 0940;
				LastUpgradeCheck = 1240;
				ORGANIZATIONNAME = an23lm;
				TargetAttributes = {
					F7070EFC2126AC9000A1E643 = {
						CreatedOnToolsVersion = 9.4.1;
					};
					F7BB7DDC20C5CE1D00824919 = {
						CreatedOnToolsVersion = 9.4;
						LastSwiftMigration = 1100;
						SystemCapabilities = {
							com.apple.Push = {
								enabled = 1;
							};
							com.apple.Sandbox = {
								enabled = 1;
							};
						};
					};
				};
			};
			buildConfigurationList = F7BB7DD820C5CE1D00824919 /* Build configuration list for PBXProject "SleepWithMe" */;
			compatibilityVersion = "Xcode 11.0";
			developmentRegion = en;
			hasScannedForEncodings = 0;
			knownRegions = (
				en,
				Base,
			);
			mainGroup = F7BB7DD420C5CE1D00824919;
			packageReferences = (
				F7E03BE824765CA200C5794C /* XCRemoteSwiftPackageReference "HotKey" */,
			);
			productRefGroup = F7BB7DDE20C5CE1D00824919 /* Products */;
			projectDirPath = "";
			projectRoot = "";
			targets = (
				F7BB7DDC20C5CE1D00824919 /* SleepWithMe */,
				F7070EFC2126AC9000A1E643 /* SleepWithMeHelper */,
			);
		};
/* End PBXProject section */

/* Begin PBXResourcesBuildPhase section */
		F7070EFB2126AC9000A1E643 /* Resources */ = {
			isa = PBXResourcesBuildPhase;
			buildActionMask = 2147483647;
			files = (
				F7070F032126AC9100A1E643 /* Assets.xcassets in Resources */,
				F7070F062126AC9100A1E643 /* MainMenu.xib in Resources */,
			);
			runOnlyForDeploymentPostprocessing = 0;
		};
		F7BB7DDB20C5CE1D00824919 /* Resources */ = {
			isa = PBXResourcesBuildPhase;
			buildActionMask = 2147483647;
			files = (
				F7BB7DE520C5CE1F00824919 /* Assets.xcassets in Resources */,
				F7BB7DE820C5CE1F00824919 /* Main.storyboard in Resources */,
			);
			runOnlyForDeploymentPostprocessing = 0;
		};
/* End PBXResourcesBuildPhase section */

/* Begin PBXSourcesBuildPhase section */
		F7070EF92126AC9000A1E643 /* Sources */ = {
			isa = PBXSourcesBuildPhase;
			buildActionMask = 2147483647;
			files = (
				F7070F092126AC9100A1E643 /* main.m in Sources */,
				F7070F012126AC9000A1E643 /* AppDelegate.m in Sources */,
			);
			runOnlyForDeploymentPostprocessing = 0;
		};
		F7BB7DD920C5CE1D00824919 /* Sources */ = {
			isa = PBXSourcesBuildPhase;
			buildActionMask = 2147483647;
			files = (
				F7E03BEC24765F9B00C5794C /* GlobalKeybindPreferences.swift in Sources */,
				F77D1B5C244C67340042C076 /* MenuBarView.swift in Sources */,
				F76DB256210003D40097172D /* Constants.swift in Sources */,
				F74F10DD20C81BB5000AB074 /* NSTimerButton.swift in Sources */,
				F7BB7DE320C5CE1D00824919 /* ViewController.swift in Sources */,
				F7BB7E0D20C5DA4F00824919 /* NSTimerView.swift in Sources */,
				F76DB252210001DA0097172D /* PreferencesViewController.swift in Sources */,
				F7BB7DE120C5CE1D00824919 /* AppDelegate.swift in Sources */,
				F783D796244C934D00ADCCDE /* InterfaceStyle.swift in Sources */,
				F76DB24E20FFCC740097172D /* SleepTimer.swift in Sources */,
				F74F10E120C82407000AB074 /* EventMonitor.swift in Sources */,
			);
			runOnlyForDeploymentPostprocessing = 0;
		};
/* End PBXSourcesBuildPhase section */

/* Begin PBXVariantGroup section */
		F7070F042126AC9100A1E643 /* MainMenu.xib */ = {
			isa = PBXVariantGroup;
			children = (
				F7070F052126AC9100A1E643 /* Base */,
			);
			name = MainMenu.xib;
			sourceTree = "<group>";
		};
		F7BB7DE620C5CE1F00824919 /* Main.storyboard */ = {
			isa = PBXVariantGroup;
			children = (
				F7BB7DE720C5CE1F00824919 /* Base */,
			);
			name = Main.storyboard;
			sourceTree = "<group>";
		};
/* End PBXVariantGroup section */

/* Begin XCBuildConfiguration section */
		F7070F0B2126AC9100A1E643 /* Debug */ = {
			isa = XCBuildConfiguration;
			buildSettings = {
				ASSETCATALOG_COMPILER_APPICON_NAME = AppIcon;
				CODE_SIGN_ENTITLEMENTS = SleepWithMeHelper/SleepWithMeHelper.entitlements;
				CODE_SIGN_IDENTITY = "Apple Development";
				CODE_SIGN_STYLE = Automatic;
				COMBINE_HIDPI_IMAGES = YES;
				DEVELOPMENT_TEAM = F698675JBS;
				ENABLE_HARDENED_RUNTIME = YES;
				INFOPLIST_FILE = SleepWithMeHelper/Info.plist;
				LD_RUNPATH_SEARCH_PATHS = (
					"$(inherited)",
					"@executable_path/../Frameworks",
				);
				PRODUCT_BUNDLE_IDENTIFIER = com.an23lm.SleepWithMeHelper;
				PRODUCT_NAME = "$(TARGET_NAME)";
				SKIP_INSTALL = YES;
			};
			name = Debug;
		};
		F7070F0C2126AC9100A1E643 /* Release */ = {
			isa = XCBuildConfiguration;
			buildSettings = {
				ASSETCATALOG_COMPILER_APPICON_NAME = AppIcon;
				CODE_SIGN_ENTITLEMENTS = SleepWithMeHelper/SleepWithMeHelper.entitlements;
				CODE_SIGN_IDENTITY = "Apple Development";
				CODE_SIGN_STYLE = Automatic;
				COMBINE_HIDPI_IMAGES = YES;
				DEVELOPMENT_TEAM = F698675JBS;
				ENABLE_HARDENED_RUNTIME = YES;
				INFOPLIST_FILE = SleepWithMeHelper/Info.plist;
				LD_RUNPATH_SEARCH_PATHS = (
					"$(inherited)",
					"@executable_path/../Frameworks",
				);
				PRODUCT_BUNDLE_IDENTIFIER = com.an23lm.SleepWithMeHelper;
				PRODUCT_NAME = "$(TARGET_NAME)";
				SKIP_INSTALL = YES;
			};
			name = Release;
		};
		F7BB7E0120C5CE1F00824919 /* Debug */ = {
			isa = XCBuildConfiguration;
			buildSettings = {
				ALWAYS_SEARCH_USER_PATHS = NO;
				CLANG_ANALYZER_NONNULL = YES;
				CLANG_ANALYZER_NUMBER_OBJECT_CONVERSION = YES_AGGRESSIVE;
				CLANG_CXX_LANGUAGE_STANDARD = "gnu++14";
				CLANG_CXX_LIBRARY = "libc++";
				CLANG_ENABLE_MODULES = YES;
				CLANG_ENABLE_OBJC_ARC = YES;
				CLANG_ENABLE_OBJC_WEAK = YES;
				CLANG_WARN_BLOCK_CAPTURE_AUTORELEASING = YES;
				CLANG_WARN_BOOL_CONVERSION = YES;
				CLANG_WARN_COMMA = YES;
				CLANG_WARN_CONSTANT_CONVERSION = YES;
				CLANG_WARN_DEPRECATED_OBJC_IMPLEMENTATIONS = YES;
				CLANG_WARN_DIRECT_OBJC_ISA_USAGE = YES_ERROR;
				CLANG_WARN_DOCUMENTATION_COMMENTS = YES;
				CLANG_WARN_EMPTY_BODY = YES;
				CLANG_WARN_ENUM_CONVERSION = YES;
				CLANG_WARN_INFINITE_RECURSION = YES;
				CLANG_WARN_INT_CONVERSION = YES;
				CLANG_WARN_NON_LITERAL_NULL_CONVERSION = YES;
				CLANG_WARN_OBJC_IMPLICIT_RETAIN_SELF = YES;
				CLANG_WARN_OBJC_LITERAL_CONVERSION = YES;
				CLANG_WARN_OBJC_ROOT_CLASS = YES_ERROR;
				CLANG_WARN_QUOTED_INCLUDE_IN_FRAMEWORK_HEADER = YES;
				CLANG_WARN_RANGE_LOOP_ANALYSIS = YES;
				CLANG_WARN_STRICT_PROTOTYPES = YES;
				CLANG_WARN_SUSPICIOUS_MOVE = YES;
				CLANG_WARN_UNGUARDED_AVAILABILITY = YES_AGGRESSIVE;
				CLANG_WARN_UNREACHABLE_CODE = YES;
				CLANG_WARN__DUPLICATE_METHOD_MATCH = YES;
				CODE_SIGN_IDENTITY = "Mac Developer";
				COPY_PHASE_STRIP = NO;
				DEBUG_INFORMATION_FORMAT = dwarf;
				ENABLE_STRICT_OBJC_MSGSEND = YES;
				ENABLE_TESTABILITY = YES;
				GCC_C_LANGUAGE_STANDARD = gnu11;
				GCC_DYNAMIC_NO_PIC = NO;
				GCC_NO_COMMON_BLOCKS = YES;
				GCC_OPTIMIZATION_LEVEL = 0;
				GCC_PREPROCESSOR_DEFINITIONS = (
					"DEBUG=1",
					"$(inherited)",
				);
				GCC_WARN_64_TO_32_BIT_CONVERSION = YES;
				GCC_WARN_ABOUT_RETURN_TYPE = YES_ERROR;
				GCC_WARN_UNDECLARED_SELECTOR = YES;
				GCC_WARN_UNINITIALIZED_AUTOS = YES_AGGRESSIVE;
				GCC_WARN_UNUSED_FUNCTION = YES;
				GCC_WARN_UNUSED_VARIABLE = YES;
				MACOSX_DEPLOYMENT_TARGET = 10.12;
				MTL_ENABLE_DEBUG_INFO = YES;
				ONLY_ACTIVE_ARCH = YES;
				SDKROOT = macosx;
				SWIFT_ACTIVE_COMPILATION_CONDITIONS = DEBUG;
				SWIFT_OPTIMIZATION_LEVEL = "-Onone";
				SWIFT_VERSION = 5.0;
			};
			name = Debug;
		};
		F7BB7E0220C5CE1F00824919 /* Release */ = {
			isa = XCBuildConfiguration;
			buildSettings = {
				ALWAYS_SEARCH_USER_PATHS = NO;
				CLANG_ANALYZER_NONNULL = YES;
				CLANG_ANALYZER_NUMBER_OBJECT_CONVERSION = YES_AGGRESSIVE;
				CLANG_CXX_LANGUAGE_STANDARD = "gnu++14";
				CLANG_CXX_LIBRARY = "libc++";
				CLANG_ENABLE_MODULES = YES;
				CLANG_ENABLE_OBJC_ARC = YES;
				CLANG_ENABLE_OBJC_WEAK = YES;
				CLANG_WARN_BLOCK_CAPTURE_AUTORELEASING = YES;
				CLANG_WARN_BOOL_CONVERSION = YES;
				CLANG_WARN_COMMA = YES;
				CLANG_WARN_CONSTANT_CONVERSION = YES;
				CLANG_WARN_DEPRECATED_OBJC_IMPLEMENTATIONS = YES;
				CLANG_WARN_DIRECT_OBJC_ISA_USAGE = YES_ERROR;
				CLANG_WARN_DOCUMENTATION_COMMENTS = YES;
				CLANG_WARN_EMPTY_BODY = YES;
				CLANG_WARN_ENUM_CONVERSION = YES;
				CLANG_WARN_INFINITE_RECURSION = YES;
				CLANG_WARN_INT_CONVERSION = YES;
				CLANG_WARN_NON_LITERAL_NULL_CONVERSION = YES;
				CLANG_WARN_OBJC_IMPLICIT_RETAIN_SELF = YES;
				CLANG_WARN_OBJC_LITERAL_CONVERSION = YES;
				CLANG_WARN_OBJC_ROOT_CLASS = YES_ERROR;
				CLANG_WARN_QUOTED_INCLUDE_IN_FRAMEWORK_HEADER = YES;
				CLANG_WARN_RANGE_LOOP_ANALYSIS = YES;
				CLANG_WARN_STRICT_PROTOTYPES = YES;
				CLANG_WARN_SUSPICIOUS_MOVE = YES;
				CLANG_WARN_UNGUARDED_AVAILABILITY = YES_AGGRESSIVE;
				CLANG_WARN_UNREACHABLE_CODE = YES;
				CLANG_WARN__DUPLICATE_METHOD_MATCH = YES;
				CODE_SIGN_IDENTITY = "Mac Developer";
				COPY_PHASE_STRIP = NO;
				DEBUG_INFORMATION_FORMAT = "dwarf-with-dsym";
				ENABLE_NS_ASSERTIONS = NO;
				ENABLE_STRICT_OBJC_MSGSEND = YES;
				GCC_C_LANGUAGE_STANDARD = gnu11;
				GCC_NO_COMMON_BLOCKS = YES;
				GCC_WARN_64_TO_32_BIT_CONVERSION = YES;
				GCC_WARN_ABOUT_RETURN_TYPE = YES_ERROR;
				GCC_WARN_UNDECLARED_SELECTOR = YES;
				GCC_WARN_UNINITIALIZED_AUTOS = YES_AGGRESSIVE;
				GCC_WARN_UNUSED_FUNCTION = YES;
				GCC_WARN_UNUSED_VARIABLE = YES;
				MACOSX_DEPLOYMENT_TARGET = 10.12;
				MTL_ENABLE_DEBUG_INFO = NO;
				SDKROOT = macosx;
				SWIFT_COMPILATION_MODE = wholemodule;
				SWIFT_OPTIMIZATION_LEVEL = "-O";
				SWIFT_VERSION = 5.0;
			};
			name = Release;
		};
		F7BB7E0420C5CE1F00824919 /* Debug */ = {
			isa = XCBuildConfiguration;
			buildSettings = {
				ASSETCATALOG_COMPILER_APPICON_NAME = AppIcon;
				CODE_SIGN_ENTITLEMENTS = SleepWithMe/SleepWithMe.entitlements;
				CODE_SIGN_IDENTITY = "Apple Development";
				CODE_SIGN_STYLE = Automatic;
				COMBINE_HIDPI_IMAGES = YES;
				CURRENT_PROJECT_VERSION = 2340;
				DEVELOPMENT_TEAM = F698675JBS;
				ENABLE_HARDENED_RUNTIME = YES;
				INFOPLIST_FILE = SleepWithMe/Info.plist;
				LD_RUNPATH_SEARCH_PATHS = (
					"$(inherited)",
					"@executable_path/../Frameworks",
				);
				MACOSX_DEPLOYMENT_TARGET = 10.12;
				MARKETING_VERSION = 2.6;
				PRODUCT_BUNDLE_IDENTIFIER = com.an23lm.SleepWithMe;
				PRODUCT_NAME = "$(TARGET_NAME)";
				PROVISIONING_PROFILE_SPECIFIER = "";
				SWIFT_VERSION = 5.0;
			};
			name = Debug;
		};
		F7BB7E0520C5CE1F00824919 /* Release */ = {
			isa = XCBuildConfiguration;
			buildSettings = {
				ASSETCATALOG_COMPILER_APPICON_NAME = AppIcon;
				CODE_SIGN_ENTITLEMENTS = SleepWithMe/SleepWithMe.entitlements;
				CODE_SIGN_IDENTITY = "Apple Development";
				CODE_SIGN_STYLE = Automatic;
				COMBINE_HIDPI_IMAGES = YES;
				CURRENT_PROJECT_VERSION = 2340;
				DEVELOPMENT_TEAM = F698675JBS;
				ENABLE_HARDENED_RUNTIME = YES;
				INFOPLIST_FILE = SleepWithMe/Info.plist;
				LD_RUNPATH_SEARCH_PATHS = (
					"$(inherited)",
					"@executable_path/../Frameworks",
				);
				MACOSX_DEPLOYMENT_TARGET = 10.12;
				MARKETING_VERSION = 2.6;
				PRODUCT_BUNDLE_IDENTIFIER = com.an23lm.SleepWithMe;
				PRODUCT_NAME = "$(TARGET_NAME)";
				PROVISIONING_PROFILE_SPECIFIER = "";
				SWIFT_VERSION = 5.0;
			};
			name = Release;
		};
/* End XCBuildConfiguration section */

/* Begin XCConfigurationList section */
		F7070F0D2126AC9100A1E643 /* Build configuration list for PBXNativeTarget "SleepWithMeHelper" */ = {
			isa = XCConfigurationList;
			buildConfigurations = (
				F7070F0B2126AC9100A1E643 /* Debug */,
				F7070F0C2126AC9100A1E643 /* Release */,
			);
			defaultConfigurationIsVisible = 0;
			defaultConfigurationName = Release;
		};
		F7BB7DD820C5CE1D00824919 /* Build configuration list for PBXProject "SleepWithMe" */ = {
			isa = XCConfigurationList;
			buildConfigurations = (
				F7BB7E0120C5CE1F00824919 /* Debug */,
				F7BB7E0220C5CE1F00824919 /* Release */,
			);
			defaultConfigurationIsVisible = 0;
			defaultConfigurationName = Release;
		};
		F7BB7E0320C5CE1F00824919 /* Build configuration list for PBXNativeTarget "SleepWithMe" */ = {
			isa = XCConfigurationList;
			buildConfigurations = (
				F7BB7E0420C5CE1F00824919 /* Debug */,
				F7BB7E0520C5CE1F00824919 /* Release */,
			);
			defaultConfigurationIsVisible = 0;
			defaultConfigurationName = Release;
		};
/* End XCConfigurationList section */

/* Begin XCRemoteSwiftPackageReference section */
		F7E03BE824765CA200C5794C /* XCRemoteSwiftPackageReference "HotKey" */ = {
			isa = XCRemoteSwiftPackageReference;
			repositoryURL = "https://github.com/soffes/HotKey";
			requirement = {
				kind = exactVersion;
				version = 0.1.2;
			};
		};
/* End XCRemoteSwiftPackageReference section */

/* Begin XCSwiftPackageProductDependency section */
		F7E03BE924765CA200C5794C /* HotKey */ = {
			isa = XCSwiftPackageProductDependency;
			package = F7E03BE824765CA200C5794C /* XCRemoteSwiftPackageReference "HotKey" */;
			productName = HotKey;
		};
/* End XCSwiftPackageProductDependency section */
	};
	rootObject = F7BB7DD520C5CE1D00824919 /* Project object */;
}
