// !$*UTF8*$!
{
	archiveVersion = 1;
	classes = {
	};
	objectVersion = 50;
	objects = {

/* Begin PBXBuildFile section */
		6F377FE1613BBAA5DCCEBE99 /* Pods_SleepWithMeTests.framework in Frameworks */ = {isa = PBXBuildFile; fileRef = 25B43F8E5C7A8C2069F12EF2 /* Pods_SleepWithMeTests.framework */; };
		74843D7A8BB64FE8163E4401 /* Pods_SleepWithMeUITests.framework in Frameworks */ = {isa = PBXBuildFile; fileRef = 9CE584AC06FEE4A8CFAC6D1F /* Pods_SleepWithMeUITests.framework */; };
		77F94661E727AA90D84038C4 /* Pods_SleepWithMe.framework in Frameworks */ = {isa = PBXBuildFile; fileRef = 61F560BBA2C7532554FB13BC /* Pods_SleepWithMe.framework */; };
		F728FD3720C695B50008AC5A /* PutMeToSleep.swift in Sources */ = {isa = PBXBuildFile; fileRef = F728FD3620C695B50008AC5A /* PutMeToSleep.swift */; };
		F728FD3820C695B50008AC5A /* PutMeToSleep.swift in Sources */ = {isa = PBXBuildFile; fileRef = F728FD3620C695B50008AC5A /* PutMeToSleep.swift */; };
		F728FD3920C695B50008AC5A /* PutMeToSleep.swift in Sources */ = {isa = PBXBuildFile; fileRef = F728FD3620C695B50008AC5A /* PutMeToSleep.swift */; };
		F728FD3B20C6978D0008AC5A /* AppleScriptProtocol.swift in Sources */ = {isa = PBXBuildFile; fileRef = F728FD3A20C6978D0008AC5A /* AppleScriptProtocol.swift */; };
		F728FD3C20C6978D0008AC5A /* AppleScriptProtocol.swift in Sources */ = {isa = PBXBuildFile; fileRef = F728FD3A20C6978D0008AC5A /* AppleScriptProtocol.swift */; };
		F728FD3D20C6978D0008AC5A /* AppleScriptProtocol.swift in Sources */ = {isa = PBXBuildFile; fileRef = F728FD3A20C6978D0008AC5A /* AppleScriptProtocol.swift */; };
		F728FD4020C69CE60008AC5A /* AppleScriptObjC.framework in Frameworks */ = {isa = PBXBuildFile; fileRef = F728FD3F20C69CE60008AC5A /* AppleScriptObjC.framework */; };
		F728FD4620C6B0A50008AC5A /* PutMeToSleep.applescript in Sources */ = {isa = PBXBuildFile; fileRef = F728FD4520C6B0A50008AC5A /* PutMeToSleep.applescript */; };
		F728FD4720C6B0A50008AC5A /* PutMeToSleep.applescript in Sources */ = {isa = PBXBuildFile; fileRef = F728FD4520C6B0A50008AC5A /* PutMeToSleep.applescript */; };
		F728FD4820C6B0A50008AC5A /* PutMeToSleep.applescript in Sources */ = {isa = PBXBuildFile; fileRef = F728FD4520C6B0A50008AC5A /* PutMeToSleep.applescript */; };
		F74F10DD20C81BB5000AB074 /* NSTimerButton.swift in Sources */ = {isa = PBXBuildFile; fileRef = F74F10DC20C81BB5000AB074 /* NSTimerButton.swift */; };
		F74F10DE20C81BB5000AB074 /* NSTimerButton.swift in Sources */ = {isa = PBXBuildFile; fileRef = F74F10DC20C81BB5000AB074 /* NSTimerButton.swift */; };
		F74F10DF20C81BB5000AB074 /* NSTimerButton.swift in Sources */ = {isa = PBXBuildFile; fileRef = F74F10DC20C81BB5000AB074 /* NSTimerButton.swift */; };
		F74F10E120C82407000AB074 /* EventMonitor.swift in Sources */ = {isa = PBXBuildFile; fileRef = F74F10E020C82407000AB074 /* EventMonitor.swift */; };
		F74F10E220C82407000AB074 /* EventMonitor.swift in Sources */ = {isa = PBXBuildFile; fileRef = F74F10E020C82407000AB074 /* EventMonitor.swift */; };
		F74F10E320C82407000AB074 /* EventMonitor.swift in Sources */ = {isa = PBXBuildFile; fileRef = F74F10E020C82407000AB074 /* EventMonitor.swift */; };
		F76DB24E20FFCC740097172D /* SleepTimer.swift in Sources */ = {isa = PBXBuildFile; fileRef = F76DB24D20FFCC740097172D /* SleepTimer.swift */; };
		F76DB24F20FFCC740097172D /* SleepTimer.swift in Sources */ = {isa = PBXBuildFile; fileRef = F76DB24D20FFCC740097172D /* SleepTimer.swift */; };
		F76DB25020FFCC740097172D /* SleepTimer.swift in Sources */ = {isa = PBXBuildFile; fileRef = F76DB24D20FFCC740097172D /* SleepTimer.swift */; };
		F76DB252210001DA0097172D /* PreferencesViewController.swift in Sources */ = {isa = PBXBuildFile; fileRef = F76DB251210001DA0097172D /* PreferencesViewController.swift */; };
		F76DB253210001DA0097172D /* PreferencesViewController.swift in Sources */ = {isa = PBXBuildFile; fileRef = F76DB251210001DA0097172D /* PreferencesViewController.swift */; };
		F76DB254210001DA0097172D /* PreferencesViewController.swift in Sources */ = {isa = PBXBuildFile; fileRef = F76DB251210001DA0097172D /* PreferencesViewController.swift */; };
		F76DB256210003D40097172D /* Constants.swift in Sources */ = {isa = PBXBuildFile; fileRef = F76DB255210003D40097172D /* Constants.swift */; };
		F76DB257210003D40097172D /* Constants.swift in Sources */ = {isa = PBXBuildFile; fileRef = F76DB255210003D40097172D /* Constants.swift */; };
		F76DB258210003D40097172D /* Constants.swift in Sources */ = {isa = PBXBuildFile; fileRef = F76DB255210003D40097172D /* Constants.swift */; };
		F7BB7DE120C5CE1D00824919 /* AppDelegate.swift in Sources */ = {isa = PBXBuildFile; fileRef = F7BB7DE020C5CE1D00824919 /* AppDelegate.swift */; };
		F7BB7DE320C5CE1D00824919 /* ViewController.swift in Sources */ = {isa = PBXBuildFile; fileRef = F7BB7DE220C5CE1D00824919 /* ViewController.swift */; };
		F7BB7DE520C5CE1F00824919 /* Assets.xcassets in Resources */ = {isa = PBXBuildFile; fileRef = F7BB7DE420C5CE1F00824919 /* Assets.xcassets */; };
		F7BB7DE820C5CE1F00824919 /* Main.storyboard in Resources */ = {isa = PBXBuildFile; fileRef = F7BB7DE620C5CE1F00824919 /* Main.storyboard */; };
		F7BB7DF420C5CE1F00824919 /* SleepWithMeTests.swift in Sources */ = {isa = PBXBuildFile; fileRef = F7BB7DF320C5CE1F00824919 /* SleepWithMeTests.swift */; };
		F7BB7DFF20C5CE1F00824919 /* SleepWithMeUITests.swift in Sources */ = {isa = PBXBuildFile; fileRef = F7BB7DFE20C5CE1F00824919 /* SleepWithMeUITests.swift */; };
		F7BB7E0D20C5DA4F00824919 /* NSTimerView.swift in Sources */ = {isa = PBXBuildFile; fileRef = F7BB7E0C20C5DA4F00824919 /* NSTimerView.swift */; };
		F7BB7E0E20C5DA4F00824919 /* NSTimerView.swift in Sources */ = {isa = PBXBuildFile; fileRef = F7BB7E0C20C5DA4F00824919 /* NSTimerView.swift */; };
		F7BB7E0F20C5DA4F00824919 /* NSTimerView.swift in Sources */ = {isa = PBXBuildFile; fileRef = F7BB7E0C20C5DA4F00824919 /* NSTimerView.swift */; };
/* End PBXBuildFile section */

/* Begin PBXContainerItemProxy section */
		F7BB7DF020C5CE1F00824919 /* PBXContainerItemProxy */ = {
			isa = PBXContainerItemProxy;
			containerPortal = F7BB7DD520C5CE1D00824919 /* Project object */;
			proxyType = 1;
			remoteGlobalIDString = F7BB7DDC20C5CE1D00824919;
			remoteInfo = SleepWithMe;
		};
		F7BB7DFB20C5CE1F00824919 /* PBXContainerItemProxy */ = {
			isa = PBXContainerItemProxy;
			containerPortal = F7BB7DD520C5CE1D00824919 /* Project object */;
			proxyType = 1;
			remoteGlobalIDString = F7BB7DDC20C5CE1D00824919;
			remoteInfo = SleepWithMe;
		};
/* End PBXContainerItemProxy section */

/* Begin PBXFileReference section */
		04EEE4486EBF2E42655E4598 /* Pods-SleepWithMeTests.release.xcconfig */ = {isa = PBXFileReference; includeInIndex = 1; lastKnownFileType = text.xcconfig; name = "Pods-SleepWithMeTests.release.xcconfig"; path = "Pods/Target Support Files/Pods-SleepWithMeTests/Pods-SleepWithMeTests.release.xcconfig"; sourceTree = "<group>"; };
		1EFF5A8736361D25F841B139 /* Pods-SleepWithMeTests.debug.xcconfig */ = {isa = PBXFileReference; includeInIndex = 1; lastKnownFileType = text.xcconfig; name = "Pods-SleepWithMeTests.debug.xcconfig"; path = "Pods/Target Support Files/Pods-SleepWithMeTests/Pods-SleepWithMeTests.debug.xcconfig"; sourceTree = "<group>"; };
		25B43F8E5C7A8C2069F12EF2 /* Pods_SleepWithMeTests.framework */ = {isa = PBXFileReference; explicitFileType = wrapper.framework; includeInIndex = 0; path = Pods_SleepWithMeTests.framework; sourceTree = BUILT_PRODUCTS_DIR; };
		370EA8695F0F5254D79F1739 /* Pods-SleepWithMe.release.xcconfig */ = {isa = PBXFileReference; includeInIndex = 1; lastKnownFileType = text.xcconfig; name = "Pods-SleepWithMe.release.xcconfig"; path = "Pods/Target Support Files/Pods-SleepWithMe/Pods-SleepWithMe.release.xcconfig"; sourceTree = "<group>"; };
		61E16DFD8A0305D10C43A260 /* Pods-SleepWithMeUITests.release.xcconfig */ = {isa = PBXFileReference; includeInIndex = 1; lastKnownFileType = text.xcconfig; name = "Pods-SleepWithMeUITests.release.xcconfig"; path = "Pods/Target Support Files/Pods-SleepWithMeUITests/Pods-SleepWithMeUITests.release.xcconfig"; sourceTree = "<group>"; };
		61F560BBA2C7532554FB13BC /* Pods_SleepWithMe.framework */ = {isa = PBXFileReference; explicitFileType = wrapper.framework; includeInIndex = 0; path = Pods_SleepWithMe.framework; sourceTree = BUILT_PRODUCTS_DIR; };
		9CE584AC06FEE4A8CFAC6D1F /* Pods_SleepWithMeUITests.framework */ = {isa = PBXFileReference; explicitFileType = wrapper.framework; includeInIndex = 0; path = Pods_SleepWithMeUITests.framework; sourceTree = BUILT_PRODUCTS_DIR; };
		DDEDB2FF372BDEB399470277 /* Pods-SleepWithMeUITests.debug.xcconfig */ = {isa = PBXFileReference; includeInIndex = 1; lastKnownFileType = text.xcconfig; name = "Pods-SleepWithMeUITests.debug.xcconfig"; path = "Pods/Target Support Files/Pods-SleepWithMeUITests/Pods-SleepWithMeUITests.debug.xcconfig"; sourceTree = "<group>"; };
		F728FD3620C695B50008AC5A /* PutMeToSleep.swift */ = {isa = PBXFileReference; lastKnownFileType = sourcecode.swift; path = PutMeToSleep.swift; sourceTree = "<group>"; };
		F728FD3A20C6978D0008AC5A /* AppleScriptProtocol.swift */ = {isa = PBXFileReference; lastKnownFileType = sourcecode.swift; path = AppleScriptProtocol.swift; sourceTree = "<group>"; };
		F728FD3F20C69CE60008AC5A /* AppleScriptObjC.framework */ = {isa = PBXFileReference; lastKnownFileType = wrapper.framework; name = AppleScriptObjC.framework; path = System/Library/Frameworks/AppleScriptObjC.framework; sourceTree = SDKROOT; };
		F728FD4520C6B0A50008AC5A /* PutMeToSleep.applescript */ = {isa = PBXFileReference; lastKnownFileType = sourcecode.applescript; path = PutMeToSleep.applescript; sourceTree = "<group>"; };
		F74F10DC20C81BB5000AB074 /* NSTimerButton.swift */ = {isa = PBXFileReference; lastKnownFileType = sourcecode.swift; path = NSTimerButton.swift; sourceTree = "<group>"; };
		F74F10E020C82407000AB074 /* EventMonitor.swift */ = {isa = PBXFileReference; lastKnownFileType = sourcecode.swift; path = EventMonitor.swift; sourceTree = "<group>"; };
		F76DB24D20FFCC740097172D /* SleepTimer.swift */ = {isa = PBXFileReference; lastKnownFileType = sourcecode.swift; path = SleepTimer.swift; sourceTree = "<group>"; };
		F76DB251210001DA0097172D /* PreferencesViewController.swift */ = {isa = PBXFileReference; lastKnownFileType = sourcecode.swift; path = PreferencesViewController.swift; sourceTree = "<group>"; };
		F76DB255210003D40097172D /* Constants.swift */ = {isa = PBXFileReference; lastKnownFileType = sourcecode.swift; path = Constants.swift; sourceTree = "<group>"; };
		F7BB7DDD20C5CE1D00824919 /* SleepWithMe.app */ = {isa = PBXFileReference; explicitFileType = wrapper.application; includeInIndex = 0; path = SleepWithMe.app; sourceTree = BUILT_PRODUCTS_DIR; };
		F7BB7DE020C5CE1D00824919 /* AppDelegate.swift */ = {isa = PBXFileReference; lastKnownFileType = sourcecode.swift; path = AppDelegate.swift; sourceTree = "<group>"; };
		F7BB7DE220C5CE1D00824919 /* ViewController.swift */ = {isa = PBXFileReference; lastKnownFileType = sourcecode.swift; path = ViewController.swift; sourceTree = "<group>"; };
		F7BB7DE420C5CE1F00824919 /* Assets.xcassets */ = {isa = PBXFileReference; lastKnownFileType = folder.assetcatalog; path = Assets.xcassets; sourceTree = "<group>"; };
		F7BB7DE720C5CE1F00824919 /* Base */ = {isa = PBXFileReference; lastKnownFileType = file.storyboard; name = Base; path = Base.lproj/Main.storyboard; sourceTree = "<group>"; };
		F7BB7DE920C5CE1F00824919 /* Info.plist */ = {isa = PBXFileReference; lastKnownFileType = text.plist.xml; path = Info.plist; sourceTree = "<group>"; };
		F7BB7DEA20C5CE1F00824919 /* SleepWithMe.entitlements */ = {isa = PBXFileReference; lastKnownFileType = text.plist.entitlements; path = SleepWithMe.entitlements; sourceTree = "<group>"; };
		F7BB7DEF20C5CE1F00824919 /* SleepWithMeTests.xctest */ = {isa = PBXFileReference; explicitFileType = wrapper.cfbundle; includeInIndex = 0; path = SleepWithMeTests.xctest; sourceTree = BUILT_PRODUCTS_DIR; };
		F7BB7DF320C5CE1F00824919 /* SleepWithMeTests.swift */ = {isa = PBXFileReference; lastKnownFileType = sourcecode.swift; path = SleepWithMeTests.swift; sourceTree = "<group>"; };
		F7BB7DF520C5CE1F00824919 /* Info.plist */ = {isa = PBXFileReference; lastKnownFileType = text.plist.xml; path = Info.plist; sourceTree = "<group>"; };
		F7BB7DFA20C5CE1F00824919 /* SleepWithMeUITests.xctest */ = {isa = PBXFileReference; explicitFileType = wrapper.cfbundle; includeInIndex = 0; path = SleepWithMeUITests.xctest; sourceTree = BUILT_PRODUCTS_DIR; };
		F7BB7DFE20C5CE1F00824919 /* SleepWithMeUITests.swift */ = {isa = PBXFileReference; lastKnownFileType = sourcecode.swift; path = SleepWithMeUITests.swift; sourceTree = "<group>"; };
		F7BB7E0020C5CE1F00824919 /* Info.plist */ = {isa = PBXFileReference; lastKnownFileType = text.plist.xml; path = Info.plist; sourceTree = "<group>"; };
		F7BB7E0C20C5DA4F00824919 /* NSTimerView.swift */ = {isa = PBXFileReference; lastKnownFileType = sourcecode.swift; path = NSTimerView.swift; sourceTree = "<group>"; };
		FCE4CB7C578DB481F4923456 /* Pods-SleepWithMe.debug.xcconfig */ = {isa = PBXFileReference; includeInIndex = 1; lastKnownFileType = text.xcconfig; name = "Pods-SleepWithMe.debug.xcconfig"; path = "Pods/Target Support Files/Pods-SleepWithMe/Pods-SleepWithMe.debug.xcconfig"; sourceTree = "<group>"; };
/* End PBXFileReference section */

/* Begin PBXFrameworksBuildPhase section */
		F7BB7DDA20C5CE1D00824919 /* Frameworks */ = {
			isa = PBXFrameworksBuildPhase;
			buildActionMask = 2147483647;
			files = (
				F728FD4020C69CE60008AC5A /* AppleScriptObjC.framework in Frameworks */,
				77F94661E727AA90D84038C4 /* Pods_SleepWithMe.framework in Frameworks */,
			);
			runOnlyForDeploymentPostprocessing = 0;
		};
		F7BB7DEC20C5CE1F00824919 /* Frameworks */ = {
			isa = PBXFrameworksBuildPhase;
			buildActionMask = 2147483647;
			files = (
				6F377FE1613BBAA5DCCEBE99 /* Pods_SleepWithMeTests.framework in Frameworks */,
			);
			runOnlyForDeploymentPostprocessing = 0;
		};
		F7BB7DF720C5CE1F00824919 /* Frameworks */ = {
			isa = PBXFrameworksBuildPhase;
			buildActionMask = 2147483647;
			files = (
				74843D7A8BB64FE8163E4401 /* Pods_SleepWithMeUITests.framework in Frameworks */,
			);
			runOnlyForDeploymentPostprocessing = 0;
		};
/* End PBXFrameworksBuildPhase section */

/* Begin PBXGroup section */
		D12F72AF79905B4F955219E5 /* Pods */ = {
			isa = PBXGroup;
			children = (
				FCE4CB7C578DB481F4923456 /* Pods-SleepWithMe.debug.xcconfig */,
				370EA8695F0F5254D79F1739 /* Pods-SleepWithMe.release.xcconfig */,
				1EFF5A8736361D25F841B139 /* Pods-SleepWithMeTests.debug.xcconfig */,
				04EEE4486EBF2E42655E4598 /* Pods-SleepWithMeTests.release.xcconfig */,
				DDEDB2FF372BDEB399470277 /* Pods-SleepWithMeUITests.debug.xcconfig */,
				61E16DFD8A0305D10C43A260 /* Pods-SleepWithMeUITests.release.xcconfig */,
			);
			name = Pods;
			sourceTree = "<group>";
		};
		F728FD3E20C69CE60008AC5A /* Frameworks */ = {
			isa = PBXGroup;
			children = (
				F728FD3F20C69CE60008AC5A /* AppleScriptObjC.framework */,
				61F560BBA2C7532554FB13BC /* Pods_SleepWithMe.framework */,
				25B43F8E5C7A8C2069F12EF2 /* Pods_SleepWithMeTests.framework */,
				9CE584AC06FEE4A8CFAC6D1F /* Pods_SleepWithMeUITests.framework */,
			);
			name = Frameworks;
			sourceTree = "<group>";
		};
		F7BB7DD420C5CE1D00824919 = {
			isa = PBXGroup;
			children = (
				F7BB7DDF20C5CE1D00824919 /* SleepWithMe */,
				F7BB7DF220C5CE1F00824919 /* SleepWithMeTests */,
				F7BB7DFD20C5CE1F00824919 /* SleepWithMeUITests */,
				F7BB7DDE20C5CE1D00824919 /* Products */,
				F728FD3E20C69CE60008AC5A /* Frameworks */,
				D12F72AF79905B4F955219E5 /* Pods */,
			);
			sourceTree = "<group>";
		};
		F7BB7DDE20C5CE1D00824919 /* Products */ = {
			isa = PBXGroup;
			children = (
				F7BB7DDD20C5CE1D00824919 /* SleepWithMe.app */,
				F7BB7DEF20C5CE1F00824919 /* SleepWithMeTests.xctest */,
				F7BB7DFA20C5CE1F00824919 /* SleepWithMeUITests.xctest */,
			);
			name = Products;
			sourceTree = "<group>";
		};
		F7BB7DDF20C5CE1D00824919 /* SleepWithMe */ = {
			isa = PBXGroup;
			children = (
				F76DB24D20FFCC740097172D /* SleepTimer.swift */,
				F76DB255210003D40097172D /* Constants.swift */,
				F7BB7DE020C5CE1D00824919 /* AppDelegate.swift */,
				F7BB7DE220C5CE1D00824919 /* ViewController.swift */,
				F76DB251210001DA0097172D /* PreferencesViewController.swift */,
				F74F10E020C82407000AB074 /* EventMonitor.swift */,
				F74F10DC20C81BB5000AB074 /* NSTimerButton.swift */,
				F7BB7E0C20C5DA4F00824919 /* NSTimerView.swift */,
				F728FD4520C6B0A50008AC5A /* PutMeToSleep.applescript */,
				F728FD3620C695B50008AC5A /* PutMeToSleep.swift */,
				F728FD3A20C6978D0008AC5A /* AppleScriptProtocol.swift */,
				F7BB7DE420C5CE1F00824919 /* Assets.xcassets */,
				F7BB7DE620C5CE1F00824919 /* Main.storyboard */,
				F7BB7DE920C5CE1F00824919 /* Info.plist */,
				F7BB7DEA20C5CE1F00824919 /* SleepWithMe.entitlements */,
			);
			path = SleepWithMe;
			sourceTree = "<group>";
		};
		F7BB7DF220C5CE1F00824919 /* SleepWithMeTests */ = {
			isa = PBXGroup;
			children = (
				F7BB7DF320C5CE1F00824919 /* SleepWithMeTests.swift */,
				F7BB7DF520C5CE1F00824919 /* Info.plist */,
			);
			path = SleepWithMeTests;
			sourceTree = "<group>";
		};
		F7BB7DFD20C5CE1F00824919 /* SleepWithMeUITests */ = {
			isa = PBXGroup;
			children = (
				F7BB7DFE20C5CE1F00824919 /* SleepWithMeUITests.swift */,
				F7BB7E0020C5CE1F00824919 /* Info.plist */,
			);
			path = SleepWithMeUITests;
			sourceTree = "<group>";
		};
/* End PBXGroup section */

/* Begin PBXNativeTarget section */
		F7BB7DDC20C5CE1D00824919 /* SleepWithMe */ = {
			isa = PBXNativeTarget;
			buildConfigurationList = F7BB7E0320C5CE1F00824919 /* Build configuration list for PBXNativeTarget "SleepWithMe" */;
			buildPhases = (
				1996EE46E376AA813C4E1A48 /* [CP] Check Pods Manifest.lock */,
				F7BB7DD920C5CE1D00824919 /* Sources */,
				F7BB7DDA20C5CE1D00824919 /* Frameworks */,
				F7BB7DDB20C5CE1D00824919 /* Resources */,
			);
			buildRules = (
			);
			dependencies = (
			);
			name = SleepWithMe;
			productName = SleepWithMe;
			productReference = F7BB7DDD20C5CE1D00824919 /* SleepWithMe.app */;
			productType = "com.apple.product-type.application";
		};
		F7BB7DEE20C5CE1F00824919 /* SleepWithMeTests */ = {
			isa = PBXNativeTarget;
			buildConfigurationList = F7BB7E0620C5CE1F00824919 /* Build configuration list for PBXNativeTarget "SleepWithMeTests" */;
			buildPhases = (
				C64A3B08A14613422D386CC4 /* [CP] Check Pods Manifest.lock */,
				F7BB7DEB20C5CE1F00824919 /* Sources */,
				F7BB7DEC20C5CE1F00824919 /* Frameworks */,
				F7BB7DED20C5CE1F00824919 /* Resources */,
			);
			buildRules = (
			);
			dependencies = (
				F7BB7DF120C5CE1F00824919 /* PBXTargetDependency */,
			);
			name = SleepWithMeTests;
			productName = SleepWithMeTests;
			productReference = F7BB7DEF20C5CE1F00824919 /* SleepWithMeTests.xctest */;
			productType = "com.apple.product-type.bundle.unit-test";
		};
		F7BB7DF920C5CE1F00824919 /* SleepWithMeUITests */ = {
			isa = PBXNativeTarget;
			buildConfigurationList = F7BB7E0920C5CE1F00824919 /* Build configuration list for PBXNativeTarget "SleepWithMeUITests" */;
			buildPhases = (
				05B04D41BC76C350C3F9E11B /* [CP] Check Pods Manifest.lock */,
				F7BB7DF620C5CE1F00824919 /* Sources */,
				F7BB7DF720C5CE1F00824919 /* Frameworks */,
				F7BB7DF820C5CE1F00824919 /* Resources */,
			);
			buildRules = (
			);
			dependencies = (
				F7BB7DFC20C5CE1F00824919 /* PBXTargetDependency */,
			);
			name = SleepWithMeUITests;
			productName = SleepWithMeUITests;
			productReference = F7BB7DFA20C5CE1F00824919 /* SleepWithMeUITests.xctest */;
			productType = "com.apple.product-type.bundle.ui-testing";
		};
/* End PBXNativeTarget section */

/* Begin PBXProject section */
		F7BB7DD520C5CE1D00824919 /* Project object */ = {
			isa = PBXProject;
			attributes = {
				LastSwiftUpdateCheck = 0940;
				LastUpgradeCheck = 0940;
				ORGANIZATIONNAME = an23lm;
				TargetAttributes = {
					F7BB7DDC20C5CE1D00824919 = {
						CreatedOnToolsVersion = 9.4;
						SystemCapabilities = {
							com.apple.Push = {
								enabled = 1;
							};
							com.apple.Sandbox = {
								enabled = 1;
							};
						};
					};
					F7BB7DEE20C5CE1F00824919 = {
						CreatedOnToolsVersion = 9.4;
						TestTargetID = F7BB7DDC20C5CE1D00824919;
					};
					F7BB7DF920C5CE1F00824919 = {
						CreatedOnToolsVersion = 9.4;
						TestTargetID = F7BB7DDC20C5CE1D00824919;
					};
				};
			};
			buildConfigurationList = F7BB7DD820C5CE1D00824919 /* Build configuration list for PBXProject "SleepWithMe" */;
			compatibilityVersion = "Xcode 9.3";
			developmentRegion = en;
			hasScannedForEncodings = 0;
			knownRegions = (
				en,
				Base,
			);
			mainGroup = F7BB7DD420C5CE1D00824919;
			productRefGroup = F7BB7DDE20C5CE1D00824919 /* Products */;
			projectDirPath = "";
			projectRoot = "";
			targets = (
				F7BB7DDC20C5CE1D00824919 /* SleepWithMe */,
				F7BB7DEE20C5CE1F00824919 /* SleepWithMeTests */,
				F7BB7DF920C5CE1F00824919 /* SleepWithMeUITests */,
			);
		};
/* End PBXProject section */

/* Begin PBXResourcesBuildPhase section */
		F7BB7DDB20C5CE1D00824919 /* Resources */ = {
			isa = PBXResourcesBuildPhase;
			buildActionMask = 2147483647;
			files = (
				F7BB7DE520C5CE1F00824919 /* Assets.xcassets in Resources */,
				F7BB7DE820C5CE1F00824919 /* Main.storyboard in Resources */,
			);
			runOnlyForDeploymentPostprocessing = 0;
		};
		F7BB7DED20C5CE1F00824919 /* Resources */ = {
			isa = PBXResourcesBuildPhase;
			buildActionMask = 2147483647;
			files = (
			);
			runOnlyForDeploymentPostprocessing = 0;
		};
		F7BB7DF820C5CE1F00824919 /* Resources */ = {
			isa = PBXResourcesBuildPhase;
			buildActionMask = 2147483647;
			files = (
			);
			runOnlyForDeploymentPostprocessing = 0;
		};
/* End PBXResourcesBuildPhase section */

/* Begin PBXShellScriptBuildPhase section */
		05B04D41BC76C350C3F9E11B /* [CP] Check Pods Manifest.lock */ = {
			isa = PBXShellScriptBuildPhase;
			buildActionMask = 2147483647;
			files = (
			);
			inputPaths = (
				"${PODS_PODFILE_DIR_PATH}/Podfile.lock",
				"${PODS_ROOT}/Manifest.lock",
			);
			name = "[CP] Check Pods Manifest.lock";
			outputPaths = (
				"$(DERIVED_FILE_DIR)/Pods-SleepWithMeUITests-checkManifestLockResult.txt",
			);
			runOnlyForDeploymentPostprocessing = 0;
			shellPath = /bin/sh;
			shellScript = "diff \"${PODS_PODFILE_DIR_PATH}/Podfile.lock\" \"${PODS_ROOT}/Manifest.lock\" > /dev/null\nif [ $? != 0 ] ; then\n    # print error to STDERR\n    echo \"error: The sandbox is not in sync with the Podfile.lock. Run 'pod install' or update your CocoaPods installation.\" >&2\n    exit 1\nfi\n# This output is used by Xcode 'outputs' to avoid re-running this script phase.\necho \"SUCCESS\" > \"${SCRIPT_OUTPUT_FILE_0}\"\n";
			showEnvVarsInLog = 0;
		};
		1996EE46E376AA813C4E1A48 /* [CP] Check Pods Manifest.lock */ = {
			isa = PBXShellScriptBuildPhase;
			buildActionMask = 2147483647;
			files = (
			);
			inputPaths = (
				"${PODS_PODFILE_DIR_PATH}/Podfile.lock",
				"${PODS_ROOT}/Manifest.lock",
			);
			name = "[CP] Check Pods Manifest.lock";
			outputPaths = (
				"$(DERIVED_FILE_DIR)/Pods-SleepWithMe-checkManifestLockResult.txt",
			);
			runOnlyForDeploymentPostprocessing = 0;
			shellPath = /bin/sh;
			shellScript = "diff \"${PODS_PODFILE_DIR_PATH}/Podfile.lock\" \"${PODS_ROOT}/Manifest.lock\" > /dev/null\nif [ $? != 0 ] ; then\n    # print error to STDERR\n    echo \"error: The sandbox is not in sync with the Podfile.lock. Run 'pod install' or update your CocoaPods installation.\" >&2\n    exit 1\nfi\n# This output is used by Xcode 'outputs' to avoid re-running this script phase.\necho \"SUCCESS\" > \"${SCRIPT_OUTPUT_FILE_0}\"\n";
			showEnvVarsInLog = 0;
		};
		C64A3B08A14613422D386CC4 /* [CP] Check Pods Manifest.lock */ = {
			isa = PBXShellScriptBuildPhase;
			buildActionMask = 2147483647;
			files = (
			);
			inputPaths = (
				"${PODS_PODFILE_DIR_PATH}/Podfile.lock",
				"${PODS_ROOT}/Manifest.lock",
			);
			name = "[CP] Check Pods Manifest.lock";
			outputPaths = (
				"$(DERIVED_FILE_DIR)/Pods-SleepWithMeTests-checkManifestLockResult.txt",
			);
			runOnlyForDeploymentPostprocessing = 0;
			shellPath = /bin/sh;
			shellScript = "diff \"${PODS_PODFILE_DIR_PATH}/Podfile.lock\" \"${PODS_ROOT}/Manifest.lock\" > /dev/null\nif [ $? != 0 ] ; then\n    # print error to STDERR\n    echo \"error: The sandbox is not in sync with the Podfile.lock. Run 'pod install' or update your CocoaPods installation.\" >&2\n    exit 1\nfi\n# This output is used by Xcode 'outputs' to avoid re-running this script phase.\necho \"SUCCESS\" > \"${SCRIPT_OUTPUT_FILE_0}\"\n";
			showEnvVarsInLog = 0;
		};
/* End PBXShellScriptBuildPhase section */

/* Begin PBXSourcesBuildPhase section */
		F7BB7DD920C5CE1D00824919 /* Sources */ = {
			isa = PBXSourcesBuildPhase;
			buildActionMask = 2147483647;
			files = (
				F728FD3720C695B50008AC5A /* PutMeToSleep.swift in Sources */,
				F76DB256210003D40097172D /* Constants.swift in Sources */,
				F728FD4620C6B0A50008AC5A /* PutMeToSleep.applescript in Sources */,
				F74F10DD20C81BB5000AB074 /* NSTimerButton.swift in Sources */,
				F7BB7DE320C5CE1D00824919 /* ViewController.swift in Sources */,
				F7BB7E0D20C5DA4F00824919 /* NSTimerView.swift in Sources */,
				F76DB252210001DA0097172D /* PreferencesViewController.swift in Sources */,
				F728FD3B20C6978D0008AC5A /* AppleScriptProtocol.swift in Sources */,
				F7BB7DE120C5CE1D00824919 /* AppDelegate.swift in Sources */,
				F76DB24E20FFCC740097172D /* SleepTimer.swift in Sources */,
				F74F10E120C82407000AB074 /* EventMonitor.swift in Sources */,
			);
			runOnlyForDeploymentPostprocessing = 0;
		};
		F7BB7DEB20C5CE1F00824919 /* Sources */ = {
			isa = PBXSourcesBuildPhase;
			buildActionMask = 2147483647;
			files = (
				F728FD4720C6B0A50008AC5A /* PutMeToSleep.applescript in Sources */,
				F7BB7DF420C5CE1F00824919 /* SleepWithMeTests.swift in Sources */,
				F76DB253210001DA0097172D /* PreferencesViewController.swift in Sources */,
				F74F10DE20C81BB5000AB074 /* NSTimerButton.swift in Sources */,
				F728FD3C20C6978D0008AC5A /* AppleScriptProtocol.swift in Sources */,
				F76DB257210003D40097172D /* Constants.swift in Sources */,
				F74F10E220C82407000AB074 /* EventMonitor.swift in Sources */,
				F76DB24F20FFCC740097172D /* SleepTimer.swift in Sources */,
				F728FD3820C695B50008AC5A /* PutMeToSleep.swift in Sources */,
				F7BB7E0E20C5DA4F00824919 /* NSTimerView.swift in Sources */,
			);
			runOnlyForDeploymentPostprocessing = 0;
		};
		F7BB7DF620C5CE1F00824919 /* Sources */ = {
			isa = PBXSourcesBuildPhase;
			buildActionMask = 2147483647;
			files = (
				F728FD4820C6B0A50008AC5A /* PutMeToSleep.applescript in Sources */,
				F7BB7DFF20C5CE1F00824919 /* SleepWithMeUITests.swift in Sources */,
				F76DB254210001DA0097172D /* PreferencesViewController.swift in Sources */,
				F74F10DF20C81BB5000AB074 /* NSTimerButton.swift in Sources */,
				F728FD3D20C6978D0008AC5A /* AppleScriptProtocol.swift in Sources */,
				F76DB258210003D40097172D /* Constants.swift in Sources */,
				F74F10E320C82407000AB074 /* EventMonitor.swift in Sources */,
				F76DB25020FFCC740097172D /* SleepTimer.swift in Sources */,
				F728FD3920C695B50008AC5A /* PutMeToSleep.swift in Sources */,
				F7BB7E0F20C5DA4F00824919 /* NSTimerView.swift in Sources */,
			);
			runOnlyForDeploymentPostprocessing = 0;
		};
/* End PBXSourcesBuildPhase section */

/* Begin PBXTargetDependency section */
		F7BB7DF120C5CE1F00824919 /* PBXTargetDependency */ = {
			isa = PBXTargetDependency;
			target = F7BB7DDC20C5CE1D00824919 /* SleepWithMe */;
			targetProxy = F7BB7DF020C5CE1F00824919 /* PBXContainerItemProxy */;
		};
		F7BB7DFC20C5CE1F00824919 /* PBXTargetDependency */ = {
			isa = PBXTargetDependency;
			target = F7BB7DDC20C5CE1D00824919 /* SleepWithMe */;
			targetProxy = F7BB7DFB20C5CE1F00824919 /* PBXContainerItemProxy */;
		};
/* End PBXTargetDependency section */

/* Begin PBXVariantGroup section */
		F7BB7DE620C5CE1F00824919 /* Main.storyboard */ = {
			isa = PBXVariantGroup;
			children = (
				F7BB7DE720C5CE1F00824919 /* Base */,
			);
			name = Main.storyboard;
			sourceTree = "<group>";
		};
/* End PBXVariantGroup section */

/* Begin XCBuildConfiguration section */
		F7BB7E0120C5CE1F00824919 /* Debug */ = {
			isa = XCBuildConfiguration;
			buildSettings = {
				ALWAYS_SEARCH_USER_PATHS = NO;
				CLANG_ANALYZER_NONNULL = YES;
				CLANG_ANALYZER_NUMBER_OBJECT_CONVERSION = YES_AGGRESSIVE;
				CLANG_CXX_LANGUAGE_STANDARD = "gnu++14";
				CLANG_CXX_LIBRARY = "libc++";
				CLANG_ENABLE_MODULES = YES;
				CLANG_ENABLE_OBJC_ARC = YES;
				CLANG_ENABLE_OBJC_WEAK = YES;
				CLANG_WARN_BLOCK_CAPTURE_AUTORELEASING = YES;
				CLANG_WARN_BOOL_CONVERSION = YES;
				CLANG_WARN_COMMA = YES;
				CLANG_WARN_CONSTANT_CONVERSION = YES;
				CLANG_WARN_DEPRECATED_OBJC_IMPLEMENTATIONS = YES;
				CLANG_WARN_DIRECT_OBJC_ISA_USAGE = YES_ERROR;
				CLANG_WARN_DOCUMENTATION_COMMENTS = YES;
				CLANG_WARN_EMPTY_BODY = YES;
				CLANG_WARN_ENUM_CONVERSION = YES;
				CLANG_WARN_INFINITE_RECURSION = YES;
				CLANG_WARN_INT_CONVERSION = YES;
				CLANG_WARN_NON_LITERAL_NULL_CONVERSION = YES;
				CLANG_WARN_OBJC_IMPLICIT_RETAIN_SELF = YES;
				CLANG_WARN_OBJC_LITERAL_CONVERSION = YES;
				CLANG_WARN_OBJC_ROOT_CLASS = YES_ERROR;
				CLANG_WARN_RANGE_LOOP_ANALYSIS = YES;
				CLANG_WARN_STRICT_PROTOTYPES = YES;
				CLANG_WARN_SUSPICIOUS_MOVE = YES;
				CLANG_WARN_UNGUARDED_AVAILABILITY = YES_AGGRESSIVE;
				CLANG_WARN_UNREACHABLE_CODE = YES;
				CLANG_WARN__DUPLICATE_METHOD_MATCH = YES;
				CODE_SIGN_IDENTITY = "Mac Developer";
				COPY_PHASE_STRIP = NO;
				DEBUG_INFORMATION_FORMAT = dwarf;
				ENABLE_STRICT_OBJC_MSGSEND = YES;
				ENABLE_TESTABILITY = YES;
				GCC_C_LANGUAGE_STANDARD = gnu11;
				GCC_DYNAMIC_NO_PIC = NO;
				GCC_NO_COMMON_BLOCKS = YES;
				GCC_OPTIMIZATION_LEVEL = 0;
				GCC_PREPROCESSOR_DEFINITIONS = (
					"DEBUG=1",
					"$(inherited)",
				);
				GCC_WARN_64_TO_32_BIT_CONVERSION = YES;
				GCC_WARN_ABOUT_RETURN_TYPE = YES_ERROR;
				GCC_WARN_UNDECLARED_SELECTOR = YES;
				GCC_WARN_UNINITIALIZED_AUTOS = YES_AGGRESSIVE;
				GCC_WARN_UNUSED_FUNCTION = YES;
				GCC_WARN_UNUSED_VARIABLE = YES;
				MACOSX_DEPLOYMENT_TARGET = 10.13;
				MTL_ENABLE_DEBUG_INFO = YES;
				ONLY_ACTIVE_ARCH = YES;
				SDKROOT = macosx;
				SWIFT_ACTIVE_COMPILATION_CONDITIONS = DEBUG;
				SWIFT_OPTIMIZATION_LEVEL = "-Onone";
			};
			name = Debug;
		};
		F7BB7E0220C5CE1F00824919 /* Release */ = {
			isa = XCBuildConfiguration;
			buildSettings = {
				ALWAYS_SEARCH_USER_PATHS = NO;
				CLANG_ANALYZER_NONNULL = YES;
				CLANG_ANALYZER_NUMBER_OBJECT_CONVERSION = YES_AGGRESSIVE;
				CLANG_CXX_LANGUAGE_STANDARD = "gnu++14";
				CLANG_CXX_LIBRARY = "libc++";
				CLANG_ENABLE_MODULES = YES;
				CLANG_ENABLE_OBJC_ARC = YES;
				CLANG_ENABLE_OBJC_WEAK = YES;
				CLANG_WARN_BLOCK_CAPTURE_AUTORELEASING = YES;
				CLANG_WARN_BOOL_CONVERSION = YES;
				CLANG_WARN_COMMA = YES;
				CLANG_WARN_CONSTANT_CONVERSION = YES;
				CLANG_WARN_DEPRECATED_OBJC_IMPLEMENTATIONS = YES;
				CLANG_WARN_DIRECT_OBJC_ISA_USAGE = YES_ERROR;
				CLANG_WARN_DOCUMENTATION_COMMENTS = YES;
				CLANG_WARN_EMPTY_BODY = YES;
				CLANG_WARN_ENUM_CONVERSION = YES;
				CLANG_WARN_INFINITE_RECURSION = YES;
				CLANG_WARN_INT_CONVERSION = YES;
				CLANG_WARN_NON_LITERAL_NULL_CONVERSION = YES;
				CLANG_WARN_OBJC_IMPLICIT_RETAIN_SELF = YES;
				CLANG_WARN_OBJC_LITERAL_CONVERSION = YES;
				CLANG_WARN_OBJC_ROOT_CLASS = YES_ERROR;
				CLANG_WARN_RANGE_LOOP_ANALYSIS = YES;
				CLANG_WARN_STRICT_PROTOTYPES = YES;
				CLANG_WARN_SUSPICIOUS_MOVE = YES;
				CLANG_WARN_UNGUARDED_AVAILABILITY = YES_AGGRESSIVE;
				CLANG_WARN_UNREACHABLE_CODE = YES;
				CLANG_WARN__DUPLICATE_METHOD_MATCH = YES;
				CODE_SIGN_IDENTITY = "Mac Developer";
				COPY_PHASE_STRIP = NO;
				DEBUG_INFORMATION_FORMAT = "dwarf-with-dsym";
				ENABLE_NS_ASSERTIONS = NO;
				ENABLE_STRICT_OBJC_MSGSEND = YES;
				GCC_C_LANGUAGE_STANDARD = gnu11;
				GCC_NO_COMMON_BLOCKS = YES;
				GCC_WARN_64_TO_32_BIT_CONVERSION = YES;
				GCC_WARN_ABOUT_RETURN_TYPE = YES_ERROR;
				GCC_WARN_UNDECLARED_SELECTOR = YES;
				GCC_WARN_UNINITIALIZED_AUTOS = YES_AGGRESSIVE;
				GCC_WARN_UNUSED_FUNCTION = YES;
				GCC_WARN_UNUSED_VARIABLE = YES;
				MACOSX_DEPLOYMENT_TARGET = 10.13;
				MTL_ENABLE_DEBUG_INFO = NO;
				SDKROOT = macosx;
				SWIFT_COMPILATION_MODE = wholemodule;
				SWIFT_OPTIMIZATION_LEVEL = "-O";
			};
			name = Release;
		};
		F7BB7E0420C5CE1F00824919 /* Debug */ = {
			isa = XCBuildConfiguration;
			baseConfigurationReference = FCE4CB7C578DB481F4923456 /* Pods-SleepWithMe.debug.xcconfig */;
			buildSettings = {
				ASSETCATALOG_COMPILER_APPICON_NAME = AppIcon;
				CODE_SIGN_ENTITLEMENTS = SleepWithMe/SleepWithMe.entitlements;
				CODE_SIGN_IDENTITY = "Mac Developer";
				CODE_SIGN_STYLE = Automatic;
				COMBINE_HIDPI_IMAGES = YES;
				DEVELOPMENT_TEAM = F698675JBS;
				INFOPLIST_FILE = SleepWithMe/Info.plist;
				LD_RUNPATH_SEARCH_PATHS = (
					"$(inherited)",
					"@executable_path/../Frameworks",
				);
				MACOSX_DEPLOYMENT_TARGET = 10.11;
				PRODUCT_BUNDLE_IDENTIFIER = com.an23lm.SleepWithMe;
				PRODUCT_NAME = "$(TARGET_NAME)";
				PROVISIONING_PROFILE_SPECIFIER = "";
				SWIFT_VERSION = 4.0;
			};
			name = Debug;
		};
		F7BB7E0520C5CE1F00824919 /* Release */ = {
			isa = XCBuildConfiguration;
			baseConfigurationReference = 370EA8695F0F5254D79F1739 /* Pods-SleepWithMe.release.xcconfig */;
			buildSettings = {
				ASSETCATALOG_COMPILER_APPICON_NAME = AppIcon;
				CODE_SIGN_ENTITLEMENTS = SleepWithMe/SleepWithMe.entitlements;
				CODE_SIGN_IDENTITY = "Mac Developer";
				CODE_SIGN_STYLE = Automatic;
				COMBINE_HIDPI_IMAGES = YES;
				DEVELOPMENT_TEAM = F698675JBS;
				INFOPLIST_FILE = SleepWithMe/Info.plist;
				LD_RUNPATH_SEARCH_PATHS = (
					"$(inherited)",
					"@executable_path/../Frameworks",
				);
				MACOSX_DEPLOYMENT_TARGET = 10.11;
				PRODUCT_BUNDLE_IDENTIFIER = com.an23lm.SleepWithMe;
				PRODUCT_NAME = "$(TARGET_NAME)";
				PROVISIONING_PROFILE_SPECIFIER = "";
				SWIFT_VERSION = 4.0;
			};
			name = Release;
		};
		F7BB7E0720C5CE1F00824919 /* Debug */ = {
			isa = XCBuildConfiguration;
			baseConfigurationReference = 1EFF5A8736361D25F841B139 /* Pods-SleepWithMeTests.debug.xcconfig */;
			buildSettings = {
				ALWAYS_EMBED_SWIFT_STANDARD_LIBRARIES = YES;
				BUNDLE_LOADER = "$(TEST_HOST)";
				CODE_SIGN_STYLE = Automatic;
				COMBINE_HIDPI_IMAGES = YES;
				DEVELOPMENT_TEAM = F698675JBS;
				INFOPLIST_FILE = SleepWithMeTests/Info.plist;
				LD_RUNPATH_SEARCH_PATHS = (
					"$(inherited)",
					"@executable_path/../Frameworks",
					"@loader_path/../Frameworks",
				);
				PRODUCT_BUNDLE_IDENTIFIER = com.an23lm.SleepWithMeTests;
				PRODUCT_NAME = "$(TARGET_NAME)";
				SWIFT_VERSION = 4.0;
				TEST_HOST = "$(BUILT_PRODUCTS_DIR)/SleepWithMe.app/Contents/MacOS/SleepWithMe";
			};
			name = Debug;
		};
		F7BB7E0820C5CE1F00824919 /* Release */ = {
			isa = XCBuildConfiguration;
			baseConfigurationReference = 04EEE4486EBF2E42655E4598 /* Pods-SleepWithMeTests.release.xcconfig */;
			buildSettings = {
				ALWAYS_EMBED_SWIFT_STANDARD_LIBRARIES = YES;
				BUNDLE_LOADER = "$(TEST_HOST)";
				CODE_SIGN_STYLE = Automatic;
				COMBINE_HIDPI_IMAGES = YES;
				DEVELOPMENT_TEAM = F698675JBS;
				INFOPLIST_FILE = SleepWithMeTests/Info.plist;
				LD_RUNPATH_SEARCH_PATHS = (
					"$(inherited)",
					"@executable_path/../Frameworks",
					"@loader_path/../Frameworks",
				);
				PRODUCT_BUNDLE_IDENTIFIER = com.an23lm.SleepWithMeTests;
				PRODUCT_NAME = "$(TARGET_NAME)";
				SWIFT_VERSION = 4.0;
				TEST_HOST = "$(BUILT_PRODUCTS_DIR)/SleepWithMe.app/Contents/MacOS/SleepWithMe";
			};
			name = Release;
		};
		F7BB7E0A20C5CE1F00824919 /* Debug */ = {
			isa = XCBuildConfiguration;
			baseConfigurationReference = DDEDB2FF372BDEB399470277 /* Pods-SleepWithMeUITests.debug.xcconfig */;
			buildSettings = {
				ALWAYS_EMBED_SWIFT_STANDARD_LIBRARIES = YES;
				CODE_SIGN_STYLE = Automatic;
				COMBINE_HIDPI_IMAGES = YES;
				DEVELOPMENT_TEAM = F698675JBS;
				INFOPLIST_FILE = SleepWithMeUITests/Info.plist;
				LD_RUNPATH_SEARCH_PATHS = (
					"$(inherited)",
					"@executable_path/../Frameworks",
					"@loader_path/../Frameworks",
				);
				PRODUCT_BUNDLE_IDENTIFIER = com.an23lm.SleepWithMeUITests;
				PRODUCT_NAME = "$(TARGET_NAME)";
				SWIFT_VERSION = 4.0;
				TEST_TARGET_NAME = SleepWithMe;
			};
			name = Debug;
		};
		F7BB7E0B20C5CE1F00824919 /* Release */ = {
			isa = XCBuildConfiguration;
			baseConfigurationReference = 61E16DFD8A0305D10C43A260 /* Pods-SleepWithMeUITests.release.xcconfig */;
			buildSettings = {
				ALWAYS_EMBED_SWIFT_STANDARD_LIBRARIES = YES;
				CODE_SIGN_STYLE = Automatic;
				COMBINE_HIDPI_IMAGES = YES;
				DEVELOPMENT_TEAM = F698675JBS;
				INFOPLIST_FILE = SleepWithMeUITests/Info.plist;
				LD_RUNPATH_SEARCH_PATHS = (
					"$(inherited)",
					"@executable_path/../Frameworks",
					"@loader_path/../Frameworks",
				);
				PRODUCT_BUNDLE_IDENTIFIER = com.an23lm.SleepWithMeUITests;
				PRODUCT_NAME = "$(TARGET_NAME)";
				SWIFT_VERSION = 4.0;
				TEST_TARGET_NAME = SleepWithMe;
			};
			name = Release;
		};
/* End XCBuildConfiguration section */

/* Begin XCConfigurationList section */
		F7BB7DD820C5CE1D00824919 /* Build configuration list for PBXProject "SleepWithMe" */ = {
			isa = XCConfigurationList;
			buildConfigurations = (
				F7BB7E0120C5CE1F00824919 /* Debug */,
				F7BB7E0220C5CE1F00824919 /* Release */,
			);
			defaultConfigurationIsVisible = 0;
			defaultConfigurationName = Release;
		};
		F7BB7E0320C5CE1F00824919 /* Build configuration list for PBXNativeTarget "SleepWithMe" */ = {
			isa = XCConfigurationList;
			buildConfigurations = (
				F7BB7E0420C5CE1F00824919 /* Debug */,
				F7BB7E0520C5CE1F00824919 /* Release */,
			);
			defaultConfigurationIsVisible = 0;
			defaultConfigurationName = Release;
		};
		F7BB7E0620C5CE1F00824919 /* Build configuration list for PBXNativeTarget "SleepWithMeTests" */ = {
			isa = XCConfigurationList;
			buildConfigurations = (
				F7BB7E0720C5CE1F00824919 /* Debug */,
				F7BB7E0820C5CE1F00824919 /* Release */,
			);
			defaultConfigurationIsVisible = 0;
			defaultConfigurationName = Release;
		};
		F7BB7E0920C5CE1F00824919 /* Build configuration list for PBXNativeTarget "SleepWithMeUITests" */ = {
			isa = XCConfigurationList;
			buildConfigurations = (
				F7BB7E0A20C5CE1F00824919 /* Debug */,
				F7BB7E0B20C5CE1F00824919 /* Release */,
			);
			defaultConfigurationIsVisible = 0;
			defaultConfigurationName = Release;
		};
/* End XCConfigurationList section */
	};
	rootObject = F7BB7DD520C5CE1D00824919 /* Project object */;
}
