// !$*UTF8*$!
{
	archiveVersion = 1;
	classes = {
	};
	objectVersion = 50;
	objects = {

/* Begin PBXBuildFile section */
		F7BB7DE120C5CE1D00824919 /* AppDelegate.swift in Sources */ = {isa = PBXBuildFile; fileRef = F7BB7DE020C5CE1D00824919 /* AppDelegate.swift */; };
		F7BB7DE320C5CE1D00824919 /* ViewController.swift in Sources */ = {isa = PBXBuildFile; fileRef = F7BB7DE220C5CE1D00824919 /* ViewController.swift */; };
		F7BB7DE520C5CE1F00824919 /* Assets.xcassets in Resources */ = {isa = PBXBuildFile; fileRef = F7BB7DE420C5CE1F00824919 /* Assets.xcassets */; };
		F7BB7DE820C5CE1F00824919 /* Main.storyboard in Resources */ = {isa = PBXBuildFile; fileRef = F7BB7DE620C5CE1F00824919 /* Main.storyboard */; };
		F7BB7DF420C5CE1F00824919 /* SleepWithMeTests.swift in Sources */ = {isa = PBXBuildFile; fileRef = F7BB7DF320C5CE1F00824919 /* SleepWithMeTests.swift */; };
		F7BB7DFF20C5CE1F00824919 /* SleepWithMeUITests.swift in Sources */ = {isa = PBXBuildFile; fileRef = F7BB7DFE20C5CE1F00824919 /* SleepWithMeUITests.swift */; };
		F7BB7E0D20C5DA4F00824919 /* NSTimerView.swift in Sources */ = {isa = PBXBuildFile; fileRef = F7BB7E0C20C5DA4F00824919 /* NSTimerView.swift */; };
		F7BB7E0E20C5DA4F00824919 /* NSTimerView.swift in Sources */ = {isa = PBXBuildFile; fileRef = F7BB7E0C20C5DA4F00824919 /* NSTimerView.swift */; };
		F7BB7E0F20C5DA4F00824919 /* NSTimerView.swift in Sources */ = {isa = PBXBuildFile; fileRef = F7BB7E0C20C5DA4F00824919 /* NSTimerView.swift */; };
/* End PBXBuildFile section */

/* Begin PBXContainerItemProxy section */
		F7BB7DF020C5CE1F00824919 /* PBXContainerItemProxy */ = {
			isa = PBXContainerItemProxy;
			containerPortal = F7BB7DD520C5CE1D00824919 /* Project object */;
			proxyType = 1;
			remoteGlobalIDString = F7BB7DDC20C5CE1D00824919;
			remoteInfo = SleepWithMe;
		};
		F7BB7DFB20C5CE1F00824919 /* PBXContainerItemProxy */ = {
			isa = PBXContainerItemProxy;
			containerPortal = F7BB7DD520C5CE1D00824919 /* Project object */;
			proxyType = 1;
			remoteGlobalIDString = F7BB7DDC20C5CE1D00824919;
			remoteInfo = SleepWithMe;
		};
/* End PBXContainerItemProxy section */

/* Begin PBXFileReference section */
		F7BB7DDD20C5CE1D00824919 /* SleepWithMe.app */ = {isa = PBXFileReference; explicitFileType = wrapper.application; includeInIndex = 0; path = SleepWithMe.app; sourceTree = BUILT_PRODUCTS_DIR; };
		F7BB7DE020C5CE1D00824919 /* AppDelegate.swift */ = {isa = PBXFileReference; lastKnownFileType = sourcecode.swift; path = AppDelegate.swift; sourceTree = "<group>"; };
		F7BB7DE220C5CE1D00824919 /* ViewController.swift */ = {isa = PBXFileReference; lastKnownFileType = sourcecode.swift; path = ViewController.swift; sourceTree = "<group>"; };
		F7BB7DE420C5CE1F00824919 /* Assets.xcassets */ = {isa = PBXFileReference; lastKnownFileType = folder.assetcatalog; path = Assets.xcassets; sourceTree = "<group>"; };
		F7BB7DE720C5CE1F00824919 /* Base */ = {isa = PBXFileReference; lastKnownFileType = file.storyboard; name = Base; path = Base.lproj/Main.storyboard; sourceTree = "<group>"; };
		F7BB7DE920C5CE1F00824919 /* Info.plist */ = {isa = PBXFileReference; lastKnownFileType = text.plist.xml; path = Info.plist; sourceTree = "<group>"; };
		F7BB7DEA20C5CE1F00824919 /* SleepWithMe.entitlements */ = {isa = PBXFileReference; lastKnownFileType = text.plist.entitlements; path = SleepWithMe.entitlements; sourceTree = "<group>"; };
		F7BB7DEF20C5CE1F00824919 /* SleepWithMeTests.xctest */ = {isa = PBXFileReference; explicitFileType = wrapper.cfbundle; includeInIndex = 0; path = SleepWithMeTests.xctest; sourceTree = BUILT_PRODUCTS_DIR; };
		F7BB7DF320C5CE1F00824919 /* SleepWithMeTests.swift */ = {isa = PBXFileReference; lastKnownFileType = sourcecode.swift; path = SleepWithMeTests.swift; sourceTree = "<group>"; };
		F7BB7DF520C5CE1F00824919 /* Info.plist */ = {isa = PBXFileReference; lastKnownFileType = text.plist.xml; path = Info.plist; sourceTree = "<group>"; };
		F7BB7DFA20C5CE1F00824919 /* SleepWithMeUITests.xctest */ = {isa = PBXFileReference; explicitFileType = wrapper.cfbundle; includeInIndex = 0; path = SleepWithMeUITests.xctest; sourceTree = BUILT_PRODUCTS_DIR; };
		F7BB7DFE20C5CE1F00824919 /* SleepWithMeUITests.swift */ = {isa = PBXFileReference; lastKnownFileType = sourcecode.swift; path = SleepWithMeUITests.swift; sourceTree = "<group>"; };
		F7BB7E0020C5CE1F00824919 /* Info.plist */ = {isa = PBXFileReference; lastKnownFileType = text.plist.xml; path = Info.plist; sourceTree = "<group>"; };
		F7BB7E0C20C5DA4F00824919 /* NSTimerView.swift */ = {isa = PBXFileReference; lastKnownFileType = sourcecode.swift; path = NSTimerView.swift; sourceTree = "<group>"; };
/* End PBXFileReference section */

/* Begin PBXFrameworksBuildPhase section */
		F7BB7DDA20C5CE1D00824919 /* Frameworks */ = {
			isa = PBXFrameworksBuildPhase;
			buildActionMask = 2147483647;
			files = (
			);
			runOnlyForDeploymentPostprocessing = 0;
		};
		F7BB7DEC20C5CE1F00824919 /* Frameworks */ = {
			isa = PBXFrameworksBuildPhase;
			buildActionMask = 2147483647;
			files = (
			);
			runOnlyForDeploymentPostprocessing = 0;
		};
		F7BB7DF720C5CE1F00824919 /* Frameworks */ = {
			isa = PBXFrameworksBuildPhase;
			buildActionMask = 2147483647;
			files = (
			);
			runOnlyForDeploymentPostprocessing = 0;
		};
/* End PBXFrameworksBuildPhase section */

/* Begin PBXGroup section */
		F7BB7DD420C5CE1D00824919 = {
			isa = PBXGroup;
			children = (
				F7BB7DDF20C5CE1D00824919 /* SleepWithMe */,
				F7BB7DF220C5CE1F00824919 /* SleepWithMeTests */,
				F7BB7DFD20C5CE1F00824919 /* SleepWithMeUITests */,
				F7BB7DDE20C5CE1D00824919 /* Products */,
			);
			sourceTree = "<group>";
		};
		F7BB7DDE20C5CE1D00824919 /* Products */ = {
			isa = PBXGroup;
			children = (
				F7BB7DDD20C5CE1D00824919 /* SleepWithMe.app */,
				F7BB7DEF20C5CE1F00824919 /* SleepWithMeTests.xctest */,
				F7BB7DFA20C5CE1F00824919 /* SleepWithMeUITests.xctest */,
			);
			name = Products;
			sourceTree = "<group>";
		};
		F7BB7DDF20C5CE1D00824919 /* SleepWithMe */ = {
			isa = PBXGroup;
			children = (
				F7BB7DE020C5CE1D00824919 /* AppDelegate.swift */,
				F7BB7DE220C5CE1D00824919 /* ViewController.swift */,
				F7BB7E0C20C5DA4F00824919 /* NSTimerView.swift */,
				F7BB7DE420C5CE1F00824919 /* Assets.xcassets */,
				F7BB7DE620C5CE1F00824919 /* Main.storyboard */,
				F7BB7DE920C5CE1F00824919 /* Info.plist */,
				F7BB7DEA20C5CE1F00824919 /* SleepWithMe.entitlements */,
			);
			path = SleepWithMe;
			sourceTree = "<group>";
		};
		F7BB7DF220C5CE1F00824919 /* SleepWithMeTests */ = {
			isa = PBXGroup;
			children = (
				F7BB7DF320C5CE1F00824919 /* SleepWithMeTests.swift */,
				F7BB7DF520C5CE1F00824919 /* Info.plist */,
			);
			path = SleepWithMeTests;
			sourceTree = "<group>";
		};
		F7BB7DFD20C5CE1F00824919 /* SleepWithMeUITests */ = {
			isa = PBXGroup;
			children = (
				F7BB7DFE20C5CE1F00824919 /* SleepWithMeUITests.swift */,
				F7BB7E0020C5CE1F00824919 /* Info.plist */,
			);
			path = SleepWithMeUITests;
			sourceTree = "<group>";
		};
/* End PBXGroup section */

/* Begin PBXNativeTarget section */
		F7BB7DDC20C5CE1D00824919 /* SleepWithMe */ = {
			isa = PBXNativeTarget;
			buildConfigurationList = F7BB7E0320C5CE1F00824919 /* Build configuration list for PBXNativeTarget "SleepWithMe" */;
			buildPhases = (
				F7BB7DD920C5CE1D00824919 /* Sources */,
				F7BB7DDA20C5CE1D00824919 /* Frameworks */,
				F7BB7DDB20C5CE1D00824919 /* Resources */,
			);
			buildRules = (
			);
			dependencies = (
			);
			name = SleepWithMe;
			productName = SleepWithMe;
			productReference = F7BB7DDD20C5CE1D00824919 /* SleepWithMe.app */;
			productType = "com.apple.product-type.application";
		};
		F7BB7DEE20C5CE1F00824919 /* SleepWithMeTests */ = {
			isa = PBXNativeTarget;
			buildConfigurationList = F7BB7E0620C5CE1F00824919 /* Build configuration list for PBXNativeTarget "SleepWithMeTests" */;
			buildPhases = (
				F7BB7DEB20C5CE1F00824919 /* Sources */,
				F7BB7DEC20C5CE1F00824919 /* Frameworks */,
				F7BB7DED20C5CE1F00824919 /* Resources */,
			);
			buildRules = (
			);
			dependencies = (
				F7BB7DF120C5CE1F00824919 /* PBXTargetDependency */,
			);
			name = SleepWithMeTests;
			productName = SleepWithMeTests;
			productReference = F7BB7DEF20C5CE1F00824919 /* SleepWithMeTests.xctest */;
			productType = "com.apple.product-type.bundle.unit-test";
		};
		F7BB7DF920C5CE1F00824919 /* SleepWithMeUITests */ = {
			isa = PBXNativeTarget;
			buildConfigurationList = F7BB7E0920C5CE1F00824919 /* Build configuration list for PBXNativeTarget "SleepWithMeUITests" */;
			buildPhases = (
				F7BB7DF620C5CE1F00824919 /* Sources */,
				F7BB7DF720C5CE1F00824919 /* Frameworks */,
				F7BB7DF820C5CE1F00824919 /* Resources */,
			);
			buildRules = (
			);
			dependencies = (
				F7BB7DFC20C5CE1F00824919 /* PBXTargetDependency */,
			);
			name = SleepWithMeUITests;
			productName = SleepWithMeUITests;
			productReference = F7BB7DFA20C5CE1F00824919 /* SleepWithMeUITests.xctest */;
			productType = "com.apple.product-type.bundle.ui-testing";
		};
/* End PBXNativeTarget section */

/* Begin PBXProject section */
		F7BB7DD520C5CE1D00824919 /* Project object */ = {
			isa = PBXProject;
			attributes = {
				LastSwiftUpdateCheck = 0940;
				LastUpgradeCheck = 0940;
				ORGANIZATIONNAME = an23lm;
				TargetAttributes = {
					F7BB7DDC20C5CE1D00824919 = {
						CreatedOnToolsVersion = 9.4;
					};
					F7BB7DEE20C5CE1F00824919 = {
						CreatedOnToolsVersion = 9.4;
						TestTargetID = F7BB7DDC20C5CE1D00824919;
					};
					F7BB7DF920C5CE1F00824919 = {
						CreatedOnToolsVersion = 9.4;
						TestTargetID = F7BB7DDC20C5CE1D00824919;
					};
				};
			};
			buildConfigurationList = F7BB7DD820C5CE1D00824919 /* Build configuration list for PBXProject "SleepWithMe" */;
			compatibilityVersion = "Xcode 9.3";
			developmentRegion = en;
			hasScannedForEncodings = 0;
			knownRegions = (
				en,
				Base,
			);
			mainGroup = F7BB7DD420C5CE1D00824919;
			productRefGroup = F7BB7DDE20C5CE1D00824919 /* Products */;
			projectDirPath = "";
			projectRoot = "";
			targets = (
				F7BB7DDC20C5CE1D00824919 /* SleepWithMe */,
				F7BB7DEE20C5CE1F00824919 /* SleepWithMeTests */,
				F7BB7DF920C5CE1F00824919 /* SleepWithMeUITests */,
			);
		};
/* End PBXProject section */

/* Begin PBXResourcesBuildPhase section */
		F7BB7DDB20C5CE1D00824919 /* Resources */ = {
			isa = PBXResourcesBuildPhase;
			buildActionMask = 2147483647;
			files = (
				F7BB7DE520C5CE1F00824919 /* Assets.xcassets in Resources */,
				F7BB7DE820C5CE1F00824919 /* Main.storyboard in Resources */,
			);
			runOnlyForDeploymentPostprocessing = 0;
		};
		F7BB7DED20C5CE1F00824919 /* Resources */ = {
			isa = PBXResourcesBuildPhase;
			buildActionMask = 2147483647;
			files = (
			);
			runOnlyForDeploymentPostprocessing = 0;
		};
		F7BB7DF820C5CE1F00824919 /* Resources */ = {
			isa = PBXResourcesBuildPhase;
			buildActionMask = 2147483647;
			files = (
			);
			runOnlyForDeploymentPostprocessing = 0;
		};
/* End PBXResourcesBuildPhase section */

/* Begin PBXSourcesBuildPhase section */
		F7BB7DD920C5CE1D00824919 /* Sources */ = {
			isa = PBXSourcesBuildPhase;
			buildActionMask = 2147483647;
			files = (
				F7BB7DE320C5CE1D00824919 /* ViewController.swift in Sources */,
				F7BB7E0D20C5DA4F00824919 /* NSTimerView.swift in Sources */,
				F7BB7DE120C5CE1D00824919 /* AppDelegate.swift in Sources */,
			);
			runOnlyForDeploymentPostprocessing = 0;
		};
		F7BB7DEB20C5CE1F00824919 /* Sources */ = {
			isa = PBXSourcesBuildPhase;
			buildActionMask = 2147483647;
			files = (
				F7BB7DF420C5CE1F00824919 /* SleepWithMeTests.swift in Sources */,
				F7BB7E0E20C5DA4F00824919 /* NSTimerView.swift in Sources */,
			);
			runOnlyForDeploymentPostprocessing = 0;
		};
		F7BB7DF620C5CE1F00824919 /* Sources */ = {
			isa = PBXSourcesBuildPhase;
			buildActionMask = 2147483647;
			files = (
				F7BB7DFF20C5CE1F00824919 /* SleepWithMeUITests.swift in Sources */,
				F7BB7E0F20C5DA4F00824919 /* NSTimerView.swift in Sources */,
			);
			runOnlyForDeploymentPostprocessing = 0;
		};
/* End PBXSourcesBuildPhase section */

/* Begin PBXTargetDependency section */
		F7BB7DF120C5CE1F00824919 /* PBXTargetDependency */ = {
			isa = PBXTargetDependency;
			target = F7BB7DDC20C5CE1D00824919 /* SleepWithMe */;
			targetProxy = F7BB7DF020C5CE1F00824919 /* PBXContainerItemProxy */;
		};
		F7BB7DFC20C5CE1F00824919 /* PBXTargetDependency */ = {
			isa = PBXTargetDependency;
			target = F7BB7DDC20C5CE1D00824919 /* SleepWithMe */;
			targetProxy = F7BB7DFB20C5CE1F00824919 /* PBXContainerItemProxy */;
		};
/* End PBXTargetDependency section */

/* Begin PBXVariantGroup section */
		F7BB7DE620C5CE1F00824919 /* Main.storyboard */ = {
			isa = PBXVariantGroup;
			children = (
				F7BB7DE720C5CE1F00824919 /* Base */,
			);
			name = Main.storyboard;
			sourceTree = "<group>";
		};
/* End PBXVariantGroup section */

/* Begin XCBuildConfiguration section */
		F7BB7E0120C5CE1F00824919 /* Debug */ = {
			isa = XCBuildConfiguration;
			buildSettings = {
				ALWAYS_SEARCH_USER_PATHS = NO;
				CLANG_ANALYZER_NONNULL = YES;
				CLANG_ANALYZER_NUMBER_OBJECT_CONVERSION = YES_AGGRESSIVE;
				CLANG_CXX_LANGUAGE_STANDARD = "gnu++14";
				CLANG_CXX_LIBRARY = "libc++";
				CLANG_ENABLE_MODULES = YES;
				CLANG_ENABLE_OBJC_ARC = YES;
				CLANG_ENABLE_OBJC_WEAK = YES;
				CLANG_WARN_BLOCK_CAPTURE_AUTORELEASING = YES;
				CLANG_WARN_BOOL_CONVERSION = YES;
				CLANG_WARN_COMMA = YES;
				CLANG_WARN_CONSTANT_CONVERSION = YES;
				CLANG_WARN_DEPRECATED_OBJC_IMPLEMENTATIONS = YES;
				CLANG_WARN_DIRECT_OBJC_ISA_USAGE = YES_ERROR;
				CLANG_WARN_DOCUMENTATION_COMMENTS = YES;
				CLANG_WARN_EMPTY_BODY = YES;
				CLANG_WARN_ENUM_CONVERSION = YES;
				CLANG_WARN_INFINITE_RECURSION = YES;
				CLANG_WARN_INT_CONVERSION = YES;
				CLANG_WARN_NON_LITERAL_NULL_CONVERSION = YES;
				CLANG_WARN_OBJC_IMPLICIT_RETAIN_SELF = YES;
				CLANG_WARN_OBJC_LITERAL_CONVERSION = YES;
				CLANG_WARN_OBJC_ROOT_CLASS = YES_ERROR;
				CLANG_WARN_RANGE_LOOP_ANALYSIS = YES;
				CLANG_WARN_STRICT_PROTOTYPES = YES;
				CLANG_WARN_SUSPICIOUS_MOVE = YES;
				CLANG_WARN_UNGUARDED_AVAILABILITY = YES_AGGRESSIVE;
				CLANG_WARN_UNREACHABLE_CODE = YES;
				CLANG_WARN__DUPLICATE_METHOD_MATCH = YES;
				CODE_SIGN_IDENTITY = "Mac Developer";
				COPY_PHASE_STRIP = NO;
				DEBUG_INFORMATION_FORMAT = dwarf;
				ENABLE_STRICT_OBJC_MSGSEND = YES;
				ENABLE_TESTABILITY = YES;
				GCC_C_LANGUAGE_STANDARD = gnu11;
				GCC_DYNAMIC_NO_PIC = NO;
				GCC_NO_COMMON_BLOCKS = YES;
				GCC_OPTIMIZATION_LEVEL = 0;
				GCC_PREPROCESSOR_DEFINITIONS = (
					"DEBUG=1",
					"$(inherited)",
				);
				GCC_WARN_64_TO_32_BIT_CONVERSION = YES;
				GCC_WARN_ABOUT_RETURN_TYPE = YES_ERROR;
				GCC_WARN_UNDECLARED_SELECTOR = YES;
				GCC_WARN_UNINITIALIZED_AUTOS = YES_AGGRESSIVE;
				GCC_WARN_UNUSED_FUNCTION = YES;
				GCC_WARN_UNUSED_VARIABLE = YES;
				MACOSX_DEPLOYMENT_TARGET = 10.13;
				MTL_ENABLE_DEBUG_INFO = YES;
				ONLY_ACTIVE_ARCH = YES;
				SDKROOT = macosx;
				SWIFT_ACTIVE_COMPILATION_CONDITIONS = DEBUG;
				SWIFT_OPTIMIZATION_LEVEL = "-Onone";
			};
			name = Debug;
		};
		F7BB7E0220C5CE1F00824919 /* Release */ = {
			isa = XCBuildConfiguration;
			buildSettings = {
				ALWAYS_SEARCH_USER_PATHS = NO;
				CLANG_ANALYZER_NONNULL = YES;
				CLANG_ANALYZER_NUMBER_OBJECT_CONVERSION = YES_AGGRESSIVE;
				CLANG_CXX_LANGUAGE_STANDARD = "gnu++14";
				CLANG_CXX_LIBRARY = "libc++";
				CLANG_ENABLE_MODULES = YES;
				CLANG_ENABLE_OBJC_ARC = YES;
				CLANG_ENABLE_OBJC_WEAK = YES;
				CLANG_WARN_BLOCK_CAPTURE_AUTORELEASING = YES;
				CLANG_WARN_BOOL_CONVERSION = YES;
				CLANG_WARN_COMMA = YES;
				CLANG_WARN_CONSTANT_CONVERSION = YES;
				CLANG_WARN_DEPRECATED_OBJC_IMPLEMENTATIONS = YES;
				CLANG_WARN_DIRECT_OBJC_ISA_USAGE = YES_ERROR;
				CLANG_WARN_DOCUMENTATION_COMMENTS = YES;
				CLANG_WARN_EMPTY_BODY = YES;
				CLANG_WARN_ENUM_CONVERSION = YES;
				CLANG_WARN_INFINITE_RECURSION = YES;
				CLANG_WARN_INT_CONVERSION = YES;
				CLANG_WARN_NON_LITERAL_NULL_CONVERSION = YES;
				CLANG_WARN_OBJC_IMPLICIT_RETAIN_SELF = YES;
				CLANG_WARN_OBJC_LITERAL_CONVERSION = YES;
				CLANG_WARN_OBJC_ROOT_CLASS = YES_ERROR;
				CLANG_WARN_RANGE_LOOP_ANALYSIS = YES;
				CLANG_WARN_STRICT_PROTOTYPES = YES;
				CLANG_WARN_SUSPICIOUS_MOVE = YES;
				CLANG_WARN_UNGUARDED_AVAILABILITY = YES_AGGRESSIVE;
				CLANG_WARN_UNREACHABLE_CODE = YES;
				CLANG_WARN__DUPLICATE_METHOD_MATCH = YES;
				CODE_SIGN_IDENTITY = "Mac Developer";
				COPY_PHASE_STRIP = NO;
				DEBUG_INFORMATION_FORMAT = "dwarf-with-dsym";
				ENABLE_NS_ASSERTIONS = NO;
				ENABLE_STRICT_OBJC_MSGSEND = YES;
				GCC_C_LANGUAGE_STANDARD = gnu11;
				GCC_NO_COMMON_BLOCKS = YES;
				GCC_WARN_64_TO_32_BIT_CONVERSION = YES;
				GCC_WARN_ABOUT_RETURN_TYPE = YES_ERROR;
				GCC_WARN_UNDECLARED_SELECTOR = YES;
				GCC_WARN_UNINITIALIZED_AUTOS = YES_AGGRESSIVE;
				GCC_WARN_UNUSED_FUNCTION = YES;
				GCC_WARN_UNUSED_VARIABLE = YES;
				MACOSX_DEPLOYMENT_TARGET = 10.13;
				MTL_ENABLE_DEBUG_INFO = NO;
				SDKROOT = macosx;
				SWIFT_COMPILATION_MODE = wholemodule;
				SWIFT_OPTIMIZATION_LEVEL = "-O";
			};
			name = Release;
		};
		F7BB7E0420C5CE1F00824919 /* Debug */ = {
			isa = XCBuildConfiguration;
			buildSettings = {
				ASSETCATALOG_COMPILER_APPICON_NAME = AppIcon;
				CODE_SIGN_ENTITLEMENTS = SleepWithMe/SleepWithMe.entitlements;
				CODE_SIGN_STYLE = Automatic;
				COMBINE_HIDPI_IMAGES = YES;
				DEVELOPMENT_TEAM = F698675JBS;
				INFOPLIST_FILE = SleepWithMe/Info.plist;
				LD_RUNPATH_SEARCH_PATHS = (
					"$(inherited)",
					"@executable_path/../Frameworks",
				);
				PRODUCT_BUNDLE_IDENTIFIER = com.an23lm.SleepWithMe;
				PRODUCT_NAME = "$(TARGET_NAME)";
				SWIFT_VERSION = 4.0;
			};
			name = Debug;
		};
		F7BB7E0520C5CE1F00824919 /* Release */ = {
			isa = XCBuildConfiguration;
			buildSettings = {
				ASSETCATALOG_COMPILER_APPICON_NAME = AppIcon;
				CODE_SIGN_ENTITLEMENTS = SleepWithMe/SleepWithMe.entitlements;
				CODE_SIGN_STYLE = Automatic;
				COMBINE_HIDPI_IMAGES = YES;
				DEVELOPMENT_TEAM = F698675JBS;
				INFOPLIST_FILE = SleepWithMe/Info.plist;
				LD_RUNPATH_SEARCH_PATHS = (
					"$(inherited)",
					"@executable_path/../Frameworks",
				);
				PRODUCT_BUNDLE_IDENTIFIER = com.an23lm.SleepWithMe;
				PRODUCT_NAME = "$(TARGET_NAME)";
				SWIFT_VERSION = 4.0;
			};
			name = Release;
		};
		F7BB7E0720C5CE1F00824919 /* Debug */ = {
			isa = XCBuildConfiguration;
			buildSettings = {
				ALWAYS_EMBED_SWIFT_STANDARD_LIBRARIES = YES;
				BUNDLE_LOADER = "$(TEST_HOST)";
				CODE_SIGN_STYLE = Automatic;
				COMBINE_HIDPI_IMAGES = YES;
				DEVELOPMENT_TEAM = F698675JBS;
				INFOPLIST_FILE = SleepWithMeTests/Info.plist;
				LD_RUNPATH_SEARCH_PATHS = (
					"$(inherited)",
					"@executable_path/../Frameworks",
					"@loader_path/../Frameworks",
				);
				PRODUCT_BUNDLE_IDENTIFIER = com.an23lm.SleepWithMeTests;
				PRODUCT_NAME = "$(TARGET_NAME)";
				SWIFT_VERSION = 4.0;
				TEST_HOST = "$(BUILT_PRODUCTS_DIR)/SleepWithMe.app/Contents/MacOS/SleepWithMe";
			};
			name = Debug;
		};
		F7BB7E0820C5CE1F00824919 /* Release */ = {
			isa = XCBuildConfiguration;
			buildSettings = {
				ALWAYS_EMBED_SWIFT_STANDARD_LIBRARIES = YES;
				BUNDLE_LOADER = "$(TEST_HOST)";
				CODE_SIGN_STYLE = Automatic;
				COMBINE_HIDPI_IMAGES = YES;
				DEVELOPMENT_TEAM = F698675JBS;
				INFOPLIST_FILE = SleepWithMeTests/Info.plist;
				LD_RUNPATH_SEARCH_PATHS = (
					"$(inherited)",
					"@executable_path/../Frameworks",
					"@loader_path/../Frameworks",
				);
				PRODUCT_BUNDLE_IDENTIFIER = com.an23lm.SleepWithMeTests;
				PRODUCT_NAME = "$(TARGET_NAME)";
				SWIFT_VERSION = 4.0;
				TEST_HOST = "$(BUILT_PRODUCTS_DIR)/SleepWithMe.app/Contents/MacOS/SleepWithMe";
			};
			name = Release;
		};
		F7BB7E0A20C5CE1F00824919 /* Debug */ = {
			isa = XCBuildConfiguration;
			buildSettings = {
				ALWAYS_EMBED_SWIFT_STANDARD_LIBRARIES = YES;
				CODE_SIGN_STYLE = Automatic;
				COMBINE_HIDPI_IMAGES = YES;
				DEVELOPMENT_TEAM = F698675JBS;
				INFOPLIST_FILE = SleepWithMeUITests/Info.plist;
				LD_RUNPATH_SEARCH_PATHS = (
					"$(inherited)",
					"@executable_path/../Frameworks",
					"@loader_path/../Frameworks",
				);
				PRODUCT_BUNDLE_IDENTIFIER = com.an23lm.SleepWithMeUITests;
				PRODUCT_NAME = "$(TARGET_NAME)";
				SWIFT_VERSION = 4.0;
				TEST_TARGET_NAME = SleepWithMe;
			};
			name = Debug;
		};
		F7BB7E0B20C5CE1F00824919 /* Release */ = {
			isa = XCBuildConfiguration;
			buildSettings = {
				ALWAYS_EMBED_SWIFT_STANDARD_LIBRARIES = YES;
				CODE_SIGN_STYLE = Automatic;
				COMBINE_HIDPI_IMAGES = YES;
				DEVELOPMENT_TEAM = F698675JBS;
				INFOPLIST_FILE = SleepWithMeUITests/Info.plist;
				LD_RUNPATH_SEARCH_PATHS = (
					"$(inherited)",
					"@executable_path/../Frameworks",
					"@loader_path/../Frameworks",
				);
				PRODUCT_BUNDLE_IDENTIFIER = com.an23lm.SleepWithMeUITests;
				PRODUCT_NAME = "$(TARGET_NAME)";
				SWIFT_VERSION = 4.0;
				TEST_TARGET_NAME = SleepWithMe;
			};
			name = Release;
		};
/* End XCBuildConfiguration section */

/* Begin XCConfigurationList section */
		F7BB7DD820C5CE1D00824919 /* Build configuration list for PBXProject "SleepWithMe" */ = {
			isa = XCConfigurationList;
			buildConfigurations = (
				F7BB7E0120C5CE1F00824919 /* Debug */,
				F7BB7E0220C5CE1F00824919 /* Release */,
			);
			defaultConfigurationIsVisible = 0;
			defaultConfigurationName = Release;
		};
		F7BB7E0320C5CE1F00824919 /* Build configuration list for PBXNativeTarget "SleepWithMe" */ = {
			isa = XCConfigurationList;
			buildConfigurations = (
				F7BB7E0420C5CE1F00824919 /* Debug */,
				F7BB7E0520C5CE1F00824919 /* Release */,
			);
			defaultConfigurationIsVisible = 0;
			defaultConfigurationName = Release;
		};
		F7BB7E0620C5CE1F00824919 /* Build configuration list for PBXNativeTarget "SleepWithMeTests" */ = {
			isa = XCConfigurationList;
			buildConfigurations = (
				F7BB7E0720C5CE1F00824919 /* Debug */,
				F7BB7E0820C5CE1F00824919 /* Release */,
			);
			defaultConfigurationIsVisible = 0;
			defaultConfigurationName = Release;
		};
		F7BB7E0920C5CE1F00824919 /* Build configuration list for PBXNativeTarget "SleepWithMeUITests" */ = {
			isa = XCConfigurationList;
			buildConfigurations = (
				F7BB7E0A20C5CE1F00824919 /* Debug */,
				F7BB7E0B20C5CE1F00824919 /* Release */,
			);
			defaultConfigurationIsVisible = 0;
			defaultConfigurationName = Release;
		};
/* End XCConfigurationList section */
	};
	rootObject = F7BB7DD520C5CE1D00824919 /* Project object */;
}
